{"format_version":"1.0","provider_schemas":{"registry.terraform.io/terraform-provider-openstack/openstack":{"provider":{"version":0,"block":{"attributes":{"allow_reauth":{"type":"bool","description":"If set to `false`, OpenStack authorization won't be perfomed\nautomatically, if the initial auth token get expired. Defaults to `true`","description_kind":"plain","optional":true},"application_credential_id":{"type":"string","description":"Application Credential ID to login with.","description_kind":"plain","optional":true},"application_credential_name":{"type":"string","description":"Application Credential name to login with.","description_kind":"plain","optional":true},"application_credential_secret":{"type":"string","description":"Application Credential secret to login with.","description_kind":"plain","optional":true},"auth_url":{"type":"string","description":"The Identity authentication URL.","description_kind":"plain","optional":true},"cacert_file":{"type":"string","description":"A Custom CA certificate.","description_kind":"plain","optional":true},"cert":{"type":"string","description":"A client certificate to authenticate with.","description_kind":"plain","optional":true},"cloud":{"type":"string","description":"An entry in a `clouds.yaml` file to use.","description_kind":"plain","optional":true},"default_domain":{"type":"string","description":"The name of the Domain ID to scope to if no other domain is specified. Defaults to `default` (Identity v3).","description_kind":"plain","optional":true},"delayed_auth":{"type":"bool","description":"If set to `false`, OpenStack authorization will be perfomed,\nevery time the service provider client is called. Defaults to `true`.","description_kind":"plain","optional":true},"disable_no_cache_header":{"type":"bool","description":"If set to `true`, the HTTP `Cache-Control: no-cache` header will not be added by default to all API requests.","description_kind":"plain","optional":true},"domain_id":{"type":"string","description":"The ID of the Domain to scope to (Identity v3).","description_kind":"plain","optional":true},"domain_name":{"type":"string","description":"The name of the Domain to scope to (Identity v3).","description_kind":"plain","optional":true},"enable_logging":{"type":"bool","description":"Outputs very verbose logs with all calls made to and responses from OpenStack","description_kind":"plain","optional":true},"endpoint_overrides":{"type":["map","string"],"description":"A map of services with an endpoint to override what was\nfrom the Keystone catalog","description_kind":"plain","optional":true},"endpoint_type":{"type":"string","description_kind":"plain","optional":true},"insecure":{"type":"bool","description":"Trust self-signed certificates.","description_kind":"plain","optional":true},"key":{"type":"string","description":"A client private key to authenticate with.","description_kind":"plain","optional":true},"max_retries":{"type":"number","description":"How many times HTTP connection should be retried until giving up.","description_kind":"plain","optional":true},"password":{"type":"string","description":"Password to login with.","description_kind":"plain","optional":true,"sensitive":true},"project_domain_id":{"type":"string","description":"The ID of the domain where the proejct resides (Identity v3).","description_kind":"plain","optional":true},"project_domain_name":{"type":"string","description":"The name of the domain where the project resides (Identity v3).","description_kind":"plain","optional":true},"region":{"type":"string","description":"The OpenStack region to connect to.","description_kind":"plain","optional":true},"swauth":{"type":"bool","description":"Use Swift's authentication system instead of Keystone. Only used for\ninteraction with Swift.","description_kind":"plain","optional":true},"system_scope":{"type":"bool","description":"If set to `true`, system scoped authorization will be enabled. Defaults to `false` (Identity v3).","description_kind":"plain","optional":true},"tenant_id":{"type":"string","description":"The ID of the Tenant (Identity v2) or Project (Identity v3)\nto login with.","description_kind":"plain","optional":true},"tenant_name":{"type":"string","description":"The name of the Tenant (Identity v2) or Project (Identity v3)\nto login with.","description_kind":"plain","optional":true},"token":{"type":"string","description":"Authentication token to use as an alternative to username/password.","description_kind":"plain","optional":true},"use_octavia":{"type":"bool","description":"If set to `true`, API requests will go the Load Balancer\nservice (Octavia) instead of the Networking service (Neutron).","description_kind":"plain","optional":true},"user_domain_id":{"type":"string","description":"The ID of the domain where the user resides (Identity v3).","description_kind":"plain","optional":true},"user_domain_name":{"type":"string","description":"The name of the domain where the user resides (Identity v3).","description_kind":"plain","optional":true},"user_id":{"type":"string","description":"User ID to login with.","description_kind":"plain","optional":true},"user_name":{"type":"string","description":"Username to login with.","description_kind":"plain","optional":true}},"description_kind":"plain"}},"resource_schemas":{"openstack_blockstorage_qos_association_v3":{"version":0,"block":{"attributes":{"id":{"type":"string","description_kind":"plain","optional":true,"computed":true},"qos_id":{"type":"string","description_kind":"plain","required":true},"region":{"type":"string","description_kind":"plain","optional":true,"computed":true},"volume_type_id":{"type":"string","description_kind":"plain","required":true}},"description_kind":"plain"}},"openstack_blockstorage_qos_v3":{"version":0,"block":{"attributes":{"consumer":{"type":"string","description_kind":"plain","optional":true},"id":{"type":"string","description_kind":"plain","optional":true,"computed":true},"name":{"type":"string","description_kind":"plain","required":true},"region":{"type":"string","description_kind":"plain","optional":true,"computed":true},"specs":{"type":["map","string"],"description_kind":"plain","optional":true}},"description_kind":"plain"}},"openstack_blockstorage_quotaset_v2":{"version":0,"block":{"attributes":{"backup_gigabytes":{"type":"number","description_kind":"plain","optional":true,"computed":true},"backups":{"type":"number","description_kind":"plain","optional":true,"computed":true},"gigabytes":{"type":"number","description_kind":"plain","optional":true,"computed":true},"groups":{"type":"number","description_kind":"plain","optional":true,"computed":true},"id":{"type":"string","description_kind":"plain","optional":true,"computed":true},"per_volume_gigabytes":{"type":"number","description_kind":"plain","optional":true,"computed":true},"project_id":{"type":"string","description_kind":"plain","required":true},"region":{"type":"string","description_kind":"plain","optional":true,"computed":true},"snapshots":{"type":"number","description_kind":"plain","optional":true,"computed":true},"volume_type_quota":{"type":["map","string"],"description_kind":"plain","optional":true},"volumes":{"type":"number","description_kind":"plain","optional":true,"computed":true}},"block_types":{"timeouts":{"nesting_mode":"single","block":{"attributes":{"create":{"type":"string","description_kind":"plain","optional":true},"delete":{"type":"string","description_kind":"plain","optional":true},"update":{"type":"string","description_kind":"plain","optional":true}},"description_kind":"plain"}}},"description_kind":"plain"}},"openstack_blockstorage_quotaset_v3":{"version":0,"block":{"attributes":{"backup_gigabytes":{"type":"number","description_kind":"plain","optional":true,"computed":true},"backups":{"type":"number","description_kind":"plain","optional":true,"computed":true},"gigabytes":{"type":"number","description_kind":"plain","optional":true,"computed":true},"groups":{"type":"number","description_kind":"plain","optional":true,"computed":true},"id":{"type":"string","description_kind":"plain","optional":true,"computed":true},"per_volume_gigabytes":{"type":"number","description_kind":"plain","optional":true,"computed":true},"project_id":{"type":"string","description_kind":"plain","required":true},"region":{"type":"string","description_kind":"plain","optional":true,"computed":true},"snapshots":{"type":"number","description_kind":"plain","optional":true,"computed":true},"volume_type_quota":{"type":["map","string"],"description_kind":"plain","optional":true},"volumes":{"type":"number","description_kind":"plain","optional":true,"computed":true}},"block_types":{"timeouts":{"nesting_mode":"single","block":{"attributes":{"create":{"type":"string","description_kind":"plain","optional":true},"delete":{"type":"string","description_kind":"plain","optional":true},"update":{"type":"string","description_kind":"plain","optional":true}},"description_kind":"plain"}}},"description_kind":"plain"}},"openstack_blockstorage_volume_attach_v2":{"version":0,"block":{"attributes":{"attach_mode":{"type":"string","description_kind":"plain","optional":true},"data":{"type":["map","string"],"description_kind":"plain","computed":true,"sensitive":true},"device":{"type":"string","description_kind":"plain","optional":true},"driver_volume_type":{"type":"string","description_kind":"plain","computed":true},"host_name":{"type":"string","description_kind":"plain","required":true},"id":{"type":"string","description_kind":"plain","optional":true,"computed":true},"initiator":{"type":"string","description_kind":"plain","optional":true},"instance_id":{"type":"string","description_kind":"plain","deprecated":true,"optional":true},"ip_address":{"type":"string","description_kind":"plain","optional":true},"mount_point_base":{"type":"string","description_kind":"plain","computed":true},"multipath":{"type":"bool","description_kind":"plain","optional":true},"os_type":{"type":"string","description_kind":"plain","optional":true},"platform":{"type":"string","description_kind":"plain","optional":true},"region":{"type":"string","description_kind":"plain","optional":true,"computed":true},"volume_id":{"type":"string","description_kind":"plain","required":true},"wwnn":{"type":"string","description_kind":"plain","optional":true},"wwpn":{"type":["list","string"],"description_kind":"plain","optional":true}},"block_types":{"timeouts":{"nesting_mode":"single","block":{"attributes":{"create":{"type":"string","description_kind":"plain","optional":true},"delete":{"type":"string","description_kind":"plain","optional":true}},"description_kind":"plain"}}},"description_kind":"plain"}},"openstack_blockstorage_volume_attach_v3":{"version":0,"block":{"attributes":{"attach_mode":{"type":"string","description_kind":"plain","optional":true},"data":{"type":["map","string"],"description_kind":"plain","computed":true,"sensitive":true},"device":{"type":"string","description_kind":"plain","optional":true},"driver_volume_type":{"type":"string","description_kind":"plain","computed":true},"host_name":{"type":"string","description_kind":"plain","required":true},"id":{"type":"string","description_kind":"plain","optional":true,"computed":true},"initiator":{"type":"string","description_kind":"plain","optional":true},"ip_address":{"type":"string","description_kind":"plain","optional":true},"mount_point_base":{"type":"string","description_kind":"plain","computed":true},"multipath":{"type":"bool","description_kind":"plain","optional":true},"os_type":{"type":"string","description_kind":"plain","optional":true},"platform":{"type":"string","description_kind":"plain","optional":true},"region":{"type":"string","description_kind":"plain","optional":true,"computed":true},"volume_id":{"type":"string","description_kind":"plain","required":true},"wwnn":{"type":"string","description_kind":"plain","optional":true},"wwpn":{"type":["list","string"],"description_kind":"plain","optional":true}},"block_types":{"timeouts":{"nesting_mode":"single","block":{"attributes":{"create":{"type":"string","description_kind":"plain","optional":true},"delete":{"type":"string","description_kind":"plain","optional":true}},"description_kind":"plain"}}},"description_kind":"plain"}},"openstack_blockstorage_volume_type_access_v3":{"version":0,"block":{"attributes":{"id":{"type":"string","description_kind":"plain","optional":true,"computed":true},"project_id":{"type":"string","description_kind":"plain","required":true},"region":{"type":"string","description_kind":"plain","optional":true,"computed":true},"volume_type_id":{"type":"string","description_kind":"plain","required":true}},"description_kind":"plain"}},"openstack_blockstorage_volume_type_v3":{"version":0,"block":{"attributes":{"description":{"type":"string","description_kind":"plain","optional":true,"computed":true},"extra_specs":{"type":["map","string"],"description_kind":"plain","optional":true,"computed":true},"id":{"type":"string","description_kind":"plain","optional":true,"computed":true},"is_public":{"type":"bool","description_kind":"plain","optional":true,"computed":true},"name":{"type":"string","description_kind":"plain","required":true},"region":{"type":"string","description_kind":"plain","optional":true,"computed":true}},"description_kind":"plain"}},"openstack_blockstorage_volume_v1":{"version":0,"block":{"attributes":{"attachment":{"type":["set",["object",{"device":"string","id":"string","instance_id":"string"}]],"description_kind":"plain","computed":true},"availability_zone":{"type":"string","description_kind":"plain","optional":true,"computed":true},"description":{"type":"string","description_kind":"plain","optional":true},"id":{"type":"string","description_kind":"plain","optional":true,"computed":true},"image_id":{"type":"string","description_kind":"plain","optional":true},"metadata":{"type":["map","string"],"description_kind":"plain","optional":true,"computed":true},"name":{"type":"string","description_kind":"plain","optional":true},"region":{"type":"string","description_kind":"plain","optional":true,"computed":true},"size":{"type":"number","description_kind":"plain","required":true},"snapshot_id":{"type":"string","description_kind":"plain","optional":true},"source_vol_id":{"type":"string","description_kind":"plain","optional":true},"volume_type":{"type":"string","description_kind":"plain","optional":true,"computed":true}},"block_types":{"timeouts":{"nesting_mode":"single","block":{"attributes":{"create":{"type":"string","description_kind":"plain","optional":true},"delete":{"type":"string","description_kind":"plain","optional":true}},"description_kind":"plain"}}},"description_kind":"plain"}},"openstack_blockstorage_volume_v2":{"version":0,"block":{"attributes":{"attachment":{"type":["set",["object",{"device":"string","id":"string","instance_id":"string"}]],"description_kind":"plain","computed":true},"availability_zone":{"type":"string","description_kind":"plain","optional":true,"computed":true},"consistency_group_id":{"type":"string","description_kind":"plain","optional":true},"description":{"type":"string","description_kind":"plain","optional":true},"id":{"type":"string","description_kind":"plain","optional":true,"computed":true},"image_id":{"type":"string","description_kind":"plain","optional":true},"metadata":{"type":["map","string"],"description_kind":"plain","optional":true,"computed":true},"name":{"type":"string","description_kind":"plain","optional":true},"region":{"type":"string","description_kind":"plain","optional":true,"computed":true},"size":{"type":"number","description_kind":"plain","required":true},"snapshot_id":{"type":"string","description_kind":"plain","optional":true},"source_replica":{"type":"string","description_kind":"plain","optional":true},"source_vol_id":{"type":"string","description_kind":"plain","optional":true},"volume_type":{"type":"string","description_kind":"plain","optional":true,"computed":true}},"block_types":{"scheduler_hints":{"nesting_mode":"set","block":{"attributes":{"additional_properties":{"type":["map","string"],"description_kind":"plain","optional":true},"different_host":{"type":["list","string"],"description_kind":"plain","optional":true},"local_to_instance":{"type":"string","description_kind":"plain","optional":true},"query":{"type":"string","description_kind":"plain","optional":true},"same_host":{"type":["list","string"],"description_kind":"plain","optional":true}},"description_kind":"plain"}},"timeouts":{"nesting_mode":"single","block":{"attributes":{"create":{"type":"string","description_kind":"plain","optional":true},"delete":{"type":"string","description_kind":"plain","optional":true}},"description_kind":"plain"}}},"description_kind":"plain"}},"openstack_blockstorage_volume_v3":{"version":0,"block":{"attributes":{"attachment":{"type":["set",["object",{"device":"string","id":"string","instance_id":"string"}]],"description_kind":"plain","computed":true},"availability_zone":{"type":"string","description_kind":"plain","optional":true,"computed":true},"consistency_group_id":{"type":"string","description_kind":"plain","optional":true},"description":{"type":"string","description_kind":"plain","optional":true},"enable_online_resize":{"type":"bool","description_kind":"plain","optional":true},"id":{"type":"string","description_kind":"plain","optional":true,"computed":true},"image_id":{"type":"string","description_kind":"plain","optional":true},"metadata":{"type":["map","string"],"description_kind":"plain","optional":true,"computed":true},"multiattach":{"type":"bool","description_kind":"plain","optional":true},"name":{"type":"string","description_kind":"plain","optional":true},"region":{"type":"string","description_kind":"plain","optional":true,"computed":true},"size":{"type":"number","description_kind":"plain","required":true},"snapshot_id":{"type":"string","description_kind":"plain","optional":true},"source_replica":{"type":"string","description_kind":"plain","optional":true},"source_vol_id":{"type":"string","description_kind":"plain","optional":true},"volume_type":{"type":"string","description_kind":"plain","optional":true,"computed":true}},"block_types":{"scheduler_hints":{"nesting_mode":"set","block":{"attributes":{"additional_properties":{"type":["map","string"],"description_kind":"plain","optional":true},"different_host":{"type":["list","string"],"description_kind":"plain","optional":true},"local_to_instance":{"type":"string","description_kind":"plain","optional":true},"query":{"type":"string","description_kind":"plain","optional":true},"same_host":{"type":["list","string"],"description_kind":"plain","optional":true}},"description_kind":"plain"}},"timeouts":{"nesting_mode":"single","block":{"attributes":{"create":{"type":"string","description_kind":"plain","optional":true},"delete":{"type":"string","description_kind":"plain","optional":true}},"description_kind":"plain"}}},"description_kind":"plain"}},"openstack_compute_aggregate_v2":{"version":0,"block":{"attributes":{"hosts":{"type":["set","string"],"description_kind":"plain","optional":true},"id":{"type":"string","description_kind":"plain","optional":true,"computed":true},"metadata":{"type":["map","string"],"description_kind":"plain","optional":true},"name":{"type":"string","description_kind":"plain","required":true},"region":{"type":"string","description_kind":"plain","optional":true,"computed":true},"zone":{"type":"string","description_kind":"plain","optional":true}},"block_types":{"timeouts":{"nesting_mode":"single","block":{"attributes":{"create":{"type":"string","description_kind":"plain","optional":true},"delete":{"type":"string","description_kind":"plain","optional":true},"update":{"type":"string","description_kind":"plain","optional":true}},"description_kind":"plain"}}},"description_kind":"plain"}},"openstack_compute_flavor_access_v2":{"version":0,"block":{"attributes":{"flavor_id":{"type":"string","description_kind":"plain","required":true},"id":{"type":"string","description_kind":"plain","optional":true,"computed":true},"region":{"type":"string","description_kind":"plain","optional":true,"computed":true},"tenant_id":{"type":"string","description_kind":"plain","required":true}},"description_kind":"plain"}},"openstack_compute_flavor_v2":{"version":0,"block":{"attributes":{"description":{"type":"string","description_kind":"plain","optional":true},"disk":{"type":"number","description_kind":"plain","required":true},"ephemeral":{"type":"number","description_kind":"plain","optional":true},"extra_specs":{"type":["map","string"],"description_kind":"plain","optional":true,"computed":true},"flavor_id":{"type":"string","description_kind":"plain","optional":true,"computed":true},"id":{"type":"string","description_kind":"plain","optional":true,"computed":true},"is_public":{"type":"bool","description_kind":"plain","optional":true},"name":{"type":"string","description_kind":"plain","required":true},"ram":{"type":"number","description_kind":"plain","required":true},"region":{"type":"string","description_kind":"plain","optional":true,"computed":true},"rx_tx_factor":{"type":"number","description_kind":"plain","optional":true},"swap":{"type":"number","description_kind":"plain","optional":true},"vcpus":{"type":"number","description_kind":"plain","required":true}},"description_kind":"plain"}},"openstack_compute_floatingip_associate_v2":{"version":0,"block":{"attributes":{"fixed_ip":{"type":"string","description_kind":"plain","optional":true},"floating_ip":{"type":"string","description_kind":"plain","required":true},"id":{"type":"string","description_kind":"plain","optional":true,"computed":true},"instance_id":{"type":"string","description_kind":"plain","required":true},"region":{"type":"string","description_kind":"plain","optional":true,"computed":true},"wait_until_associated":{"type":"bool","description_kind":"plain","optional":true}},"block_types":{"timeouts":{"nesting_mode":"single","block":{"attributes":{"create":{"type":"string","description_kind":"plain","optional":true}},"description_kind":"plain"}}},"description_kind":"plain"}},"openstack_compute_floatingip_v2":{"version":0,"block":{"attributes":{"address":{"type":"string","description_kind":"plain","computed":true},"fixed_ip":{"type":"string","description_kind":"plain","computed":true},"id":{"type":"string","description_kind":"plain","optional":true,"computed":true},"instance_id":{"type":"string","description_kind":"plain","computed":true},"pool":{"type":"string","description_kind":"plain","required":true},"region":{"type":"string","description_kind":"plain","optional":true,"computed":true}},"description_kind":"plain"}},"openstack_compute_instance_v2":{"version":0,"block":{"attributes":{"access_ip_v4":{"type":"string","description_kind":"plain","optional":true,"computed":true},"access_ip_v6":{"type":"string","description_kind":"plain","optional":true,"computed":true},"admin_pass":{"type":"string","description_kind":"plain","optional":true,"sensitive":true},"all_metadata":{"type":["map","string"],"description_kind":"plain","computed":true},"all_tags":{"type":["set","string"],"description_kind":"plain","computed":true},"availability_zone":{"type":"string","description_kind":"plain","optional":true,"computed":true},"availability_zone_hints":{"type":"string","description_kind":"plain","optional":true},"config_drive":{"type":"bool","description_kind":"plain","optional":true},"created":{"type":"string","description_kind":"plain","computed":true},"flavor_id":{"type":"string","description_kind":"plain","optional":true,"computed":true},"flavor_name":{"type":"string","description_kind":"plain","optional":true,"computed":true},"floating_ip":{"type":"string","description_kind":"plain","deprecated":true,"optional":true},"force_delete":{"type":"bool","description_kind":"plain","optional":true},"id":{"type":"string","description_kind":"plain","optional":true,"computed":true},"image_id":{"type":"string","description_kind":"plain","optional":true,"computed":true},"image_name":{"type":"string","description_kind":"plain","optional":true,"computed":true},"key_pair":{"type":"string","description_kind":"plain","optional":true},"metadata":{"type":["map","string"],"description_kind":"plain","optional":true},"name":{"type":"string","description_kind":"plain","required":true},"network_mode":{"type":"string","description_kind":"plain","optional":true},"power_state":{"type":"string","description_kind":"plain","optional":true},"region":{"type":"string","description_kind":"plain","optional":true,"computed":true},"security_groups":{"type":["set","string"],"description_kind":"plain","optional":true,"computed":true},"stop_before_destroy":{"type":"bool","description_kind":"plain","optional":true},"tags":{"type":["set","string"],"description_kind":"plain","optional":true},"updated":{"type":"string","description_kind":"plain","computed":true},"user_data":{"type":"string","description_kind":"plain","optional":true}},"block_types":{"block_device":{"nesting_mode":"list","block":{"attributes":{"boot_index":{"type":"number","description_kind":"plain","optional":true},"delete_on_termination":{"type":"bool","description_kind":"plain","optional":true},"destination_type":{"type":"string","description_kind":"plain","optional":true},"device_type":{"type":"string","description_kind":"plain","optional":true},"disk_bus":{"type":"string","description_kind":"plain","optional":true},"guest_format":{"type":"string","description_kind":"plain","optional":true},"multiattach":{"type":"bool","description_kind":"plain","optional":true},"source_type":{"type":"string","description_kind":"plain","required":true},"uuid":{"type":"string","description_kind":"plain","optional":true},"volume_size":{"type":"number","description_kind":"plain","optional":true},"volume_type":{"type":"string","description_kind":"plain","optional":true}},"description_kind":"plain"}},"network":{"nesting_mode":"list","block":{"attributes":{"access_network":{"type":"bool","description_kind":"plain","optional":true},"fixed_ip_v4":{"type":"string","description_kind":"plain","optional":true,"computed":true},"fixed_ip_v6":{"type":"string","description_kind":"plain","optional":true,"computed":true},"floating_ip":{"type":"string","description_kind":"plain","deprecated":true,"optional":true,"computed":true},"mac":{"type":"string","description_kind":"plain","computed":true},"name":{"type":"string","description_kind":"plain","optional":true,"computed":true},"port":{"type":"string","description_kind":"plain","optional":true,"computed":true},"uuid":{"type":"string","description_kind":"plain","optional":true,"computed":true}},"description_kind":"plain"}},"personality":{"nesting_mode":"set","block":{"attributes":{"content":{"type":"string","description_kind":"plain","required":true},"file":{"type":"string","description_kind":"plain","required":true}},"description_kind":"plain"}},"scheduler_hints":{"nesting_mode":"set","block":{"attributes":{"additional_properties":{"type":["map","string"],"description_kind":"plain","optional":true},"build_near_host_ip":{"type":"string","description_kind":"plain","optional":true},"different_cell":{"type":["list","string"],"description_kind":"plain","optional":true},"different_host":{"type":["list","string"],"description_kind":"plain","optional":true},"group":{"type":"string","description_kind":"plain","optional":true},"query":{"type":["list","string"],"description_kind":"plain","optional":true},"same_host":{"type":["list","string"],"description_kind":"plain","optional":true},"target_cell":{"type":"string","description_kind":"plain","optional":true}},"description_kind":"plain"}},"timeouts":{"nesting_mode":"single","block":{"attributes":{"create":{"type":"string","description_kind":"plain","optional":true},"delete":{"type":"string","description_kind":"plain","optional":true},"update":{"type":"string","description_kind":"plain","optional":true}},"description_kind":"plain"}},"vendor_options":{"nesting_mode":"set","block":{"attributes":{"detach_ports_before_destroy":{"type":"bool","description_kind":"plain","optional":true},"ignore_resize_confirmation":{"type":"bool","description_kind":"plain","optional":true}},"description_kind":"plain"},"max_items":1},"volume":{"nesting_mode":"set","block":{"attributes":{"device":{"type":"string","description_kind":"plain","optional":true,"computed":true},"id":{"type":"string","description_kind":"plain","optional":true,"computed":true},"volume_id":{"type":"string","description_kind":"plain","required":true}},"description_kind":"plain","deprecated":true}}},"description_kind":"plain"}},"openstack_compute_interface_attach_v2":{"version":0,"block":{"attributes":{"fixed_ip":{"type":"string","description_kind":"plain","optional":true,"computed":true},"id":{"type":"string","description_kind":"plain","optional":true,"computed":true},"instance_id":{"type":"string","description_kind":"plain","required":true},"network_id":{"type":"string","description_kind":"plain","optional":true,"computed":true},"port_id":{"type":"string","description_kind":"plain","optional":true,"computed":true},"region":{"type":"string","description_kind":"plain","optional":true,"computed":true}},"block_types":{"timeouts":{"nesting_mode":"single","block":{"attributes":{"create":{"type":"string","description_kind":"plain","optional":true},"delete":{"type":"string","description_kind":"plain","optional":true}},"description_kind":"plain"}}},"description_kind":"plain"}},"openstack_compute_keypair_v2":{"version":0,"block":{"attributes":{"fingerprint":{"type":"string","description_kind":"plain","computed":true},"id":{"type":"string","description_kind":"plain","optional":true,"computed":true},"name":{"type":"string","description_kind":"plain","required":true},"private_key":{"type":"string","description_kind":"plain","computed":true,"sensitive":true},"public_key":{"type":"string","description_kind":"plain","optional":true,"computed":true},"region":{"type":"string","description_kind":"plain","optional":true,"computed":true},"user_id":{"type":"string","description_kind":"plain","optional":true,"computed":true},"value_specs":{"type":["map","string"],"description_kind":"plain","optional":true}},"description_kind":"plain"}},"openstack_compute_quotaset_v2":{"version":0,"block":{"attributes":{"cores":{"type":"number","description_kind":"plain","optional":true,"computed":true},"fixed_ips":{"type":"number","description_kind":"plain","optional":true,"computed":true},"floating_ips":{"type":"number","description_kind":"plain","optional":true,"computed":true},"id":{"type":"string","description_kind":"plain","optional":true,"computed":true},"injected_file_content_bytes":{"type":"number","description_kind":"plain","optional":true,"computed":true},"injected_file_path_bytes":{"type":"number","description_kind":"plain","optional":true,"computed":true},"injected_files":{"type":"number","description_kind":"plain","optional":true,"computed":true},"instances":{"type":"number","description_kind":"plain","optional":true,"computed":true},"key_pairs":{"type":"number","description_kind":"plain","optional":true,"computed":true},"metadata_items":{"type":"number","description_kind":"plain","optional":true,"computed":true},"project_id":{"type":"string","description_kind":"plain","required":true},"ram":{"type":"number","description_kind":"plain","optional":true,"computed":true},"region":{"type":"string","description_kind":"plain","optional":true,"computed":true},"security_group_rules":{"type":"number","description_kind":"plain","optional":true,"computed":true},"security_groups":{"type":"number","description_kind":"plain","optional":true,"computed":true},"server_group_members":{"type":"number","description_kind":"plain","optional":true,"computed":true},"server_groups":{"type":"number","description_kind":"plain","optional":true,"computed":true}},"block_types":{"timeouts":{"nesting_mode":"single","block":{"attributes":{"create":{"type":"string","description_kind":"plain","optional":true},"delete":{"type":"string","description_kind":"plain","optional":true},"update":{"type":"string","description_kind":"plain","optional":true}},"description_kind":"plain"}}},"description_kind":"plain"}},"openstack_compute_secgroup_v2":{"version":0,"block":{"attributes":{"description":{"type":"string","description_kind":"plain","required":true},"id":{"type":"string","description_kind":"plain","optional":true,"computed":true},"name":{"type":"string","description_kind":"plain","required":true},"region":{"type":"string","description_kind":"plain","optional":true,"computed":true}},"block_types":{"rule":{"nesting_mode":"set","block":{"attributes":{"cidr":{"type":"string","description_kind":"plain","optional":true},"from_group_id":{"type":"string","description_kind":"plain","optional":true},"from_port":{"type":"number","description_kind":"plain","required":true},"id":{"type":"string","description_kind":"plain","computed":true},"ip_protocol":{"type":"string","description_kind":"plain","required":true},"self":{"type":"bool","description_kind":"plain","optional":true},"to_port":{"type":"number","description_kind":"plain","required":true}},"description_kind":"plain"}},"timeouts":{"nesting_mode":"single","block":{"attributes":{"delete":{"type":"string","description_kind":"plain","optional":true}},"description_kind":"plain"}}},"description_kind":"plain"}},"openstack_compute_servergroup_v2":{"version":0,"block":{"attributes":{"id":{"type":"string","description_kind":"plain","optional":true,"computed":true},"members":{"type":["list","string"],"description_kind":"plain","computed":true},"name":{"type":"string","description_kind":"plain","required":true},"policies":{"type":["list","string"],"description_kind":"plain","optional":true},"region":{"type":"string","description_kind":"plain","optional":true,"computed":true},"value_specs":{"type":["map","string"],"description_kind":"plain","optional":true}},"block_types":{"rules":{"nesting_mode":"list","block":{"attributes":{"max_server_per_host":{"type":"number","description_kind":"plain","optional":true}},"description_kind":"plain"},"max_items":1}},"description_kind":"plain"}},"openstack_compute_volume_attach_v2":{"version":0,"block":{"attributes":{"device":{"type":"string","description_kind":"plain","optional":true,"computed":true},"id":{"type":"string","description_kind":"plain","optional":true,"computed":true},"instance_id":{"type":"string","description_kind":"plain","required":true},"multiattach":{"type":"bool","description_kind":"plain","optional":true},"region":{"type":"string","description_kind":"plain","optional":true,"computed":true},"volume_id":{"type":"string","description_kind":"plain","required":true}},"block_types":{"timeouts":{"nesting_mode":"single","block":{"attributes":{"create":{"type":"string","description_kind":"plain","optional":true},"delete":{"type":"string","description_kind":"plain","optional":true}},"description_kind":"plain"}},"vendor_options":{"nesting_mode":"set","block":{"attributes":{"ignore_volume_confirmation":{"type":"bool","description_kind":"plain","optional":true}},"description_kind":"plain"},"max_items":1}},"description_kind":"plain"}},"openstack_containerinfra_cluster_v1":{"version":0,"block":{"attributes":{"api_address":{"type":"string","description_kind":"plain","computed":true},"cluster_template_id":{"type":"string","description_kind":"plain","required":true},"coe_version":{"type":"string","description_kind":"plain","computed":true},"container_version":{"type":"string","description_kind":"plain","computed":true},"create_timeout":{"type":"number","description_kind":"plain","optional":true,"computed":true},"created_at":{"type":"string","description_kind":"plain","computed":true},"discovery_url":{"type":"string","description_kind":"plain","optional":true,"computed":true},"docker_volume_size":{"type":"number","description_kind":"plain","optional":true,"computed":true},"fixed_network":{"type":"string","description_kind":"plain","optional":true,"computed":true},"fixed_subnet":{"type":"string","description_kind":"plain","optional":true,"computed":true},"flavor":{"type":"string","description_kind":"plain","optional":true,"computed":true},"floating_ip_enabled":{"type":"bool","description_kind":"plain","optional":true,"computed":true},"id":{"type":"string","description_kind":"plain","optional":true,"computed":true},"keypair":{"type":"string","description_kind":"plain","optional":true,"computed":true},"kubeconfig":{"type":["map","string"],"description_kind":"plain","computed":true,"sensitive":true},"labels":{"type":["map","string"],"description_kind":"plain","optional":true,"computed":true},"master_addresses":{"type":["list","string"],"description_kind":"plain","computed":true},"master_count":{"type":"number","description_kind":"plain","optional":true,"computed":true},"master_flavor":{"type":"string","description_kind":"plain","optional":true,"computed":true},"merge_labels":{"type":"bool","description_kind":"plain","optional":true},"name":{"type":"string","description_kind":"plain","optional":true,"computed":true},"node_addresses":{"type":["list","string"],"description_kind":"plain","computed":true},"node_count":{"type":"number","description_kind":"plain","optional":true},"project_id":{"type":"string","description_kind":"plain","computed":true},"region":{"type":"string","description_kind":"plain","optional":true,"computed":true},"stack_id":{"type":"string","description_kind":"plain","computed":true},"updated_at":{"type":"string","description_kind":"plain","computed":true},"user_id":{"type":"string","description_kind":"plain","computed":true}},"block_types":{"timeouts":{"nesting_mode":"single","block":{"attributes":{"create":{"type":"string","description_kind":"plain","optional":true},"delete":{"type":"string","description_kind":"plain","optional":true},"update":{"type":"string","description_kind":"plain","optional":true}},"description_kind":"plain"}}},"description_kind":"plain"}},"openstack_containerinfra_clustertemplate_v1":{"version":0,"block":{"attributes":{"apiserver_port":{"type":"number","description_kind":"plain","optional":true},"cluster_distro":{"type":"string","description_kind":"plain","optional":true,"computed":true},"coe":{"type":"string","description_kind":"plain","required":true},"created_at":{"type":"string","description_kind":"plain","computed":true},"dns_nameserver":{"type":"string","description_kind":"plain","optional":true},"docker_storage_driver":{"type":"string","description_kind":"plain","optional":true},"docker_volume_size":{"type":"number","description_kind":"plain","optional":true},"external_network_id":{"type":"string","description_kind":"plain","optional":true},"fixed_network":{"type":"string","description_kind":"plain","optional":true},"fixed_subnet":{"type":"string","description_kind":"plain","optional":true},"flavor":{"type":"string","description_kind":"plain","optional":true},"floating_ip_enabled":{"type":"bool","description_kind":"plain","optional":true},"hidden":{"type":"bool","description_kind":"plain","optional":true},"http_proxy":{"type":"string","description_kind":"plain","optional":true},"https_proxy":{"type":"string","description_kind":"plain","optional":true},"id":{"type":"string","description_kind":"plain","optional":true,"computed":true},"image":{"type":"string","description_kind":"plain","required":true},"insecure_registry":{"type":"string","description_kind":"plain","optional":true},"keypair_id":{"type":"string","description_kind":"plain","optional":true},"labels":{"type":["map","string"],"description_kind":"plain","optional":true},"master_flavor":{"type":"string","description_kind":"plain","optional":true},"master_lb_enabled":{"type":"bool","description_kind":"plain","optional":true},"name":{"type":"string","description_kind":"plain","required":true},"network_driver":{"type":"string","description_kind":"plain","optional":true,"computed":true},"no_proxy":{"type":"string","description_kind":"plain","optional":true},"project_id":{"type":"string","description_kind":"plain","computed":true},"public":{"type":"bool","description_kind":"plain","optional":true},"region":{"type":"string","description_kind":"plain","optional":true,"computed":true},"registry_enabled":{"type":"bool","description_kind":"plain","optional":true},"server_type":{"type":"string","description_kind":"plain","optional":true,"computed":true},"tls_disabled":{"type":"bool","description_kind":"plain","optional":true},"updated_at":{"type":"string","description_kind":"plain","computed":true},"user_id":{"type":"string","description_kind":"plain","computed":true},"volume_driver":{"type":"string","description_kind":"plain","optional":true}},"block_types":{"timeouts":{"nesting_mode":"single","block":{"attributes":{"create":{"type":"string","description_kind":"plain","optional":true},"delete":{"type":"string","description_kind":"plain","optional":true}},"description_kind":"plain"}}},"description_kind":"plain"}},"openstack_containerinfra_nodegroup_v1":{"version":0,"block":{"attributes":{"cluster_id":{"type":"string","description_kind":"plain","required":true},"created_at":{"type":"string","description_kind":"plain","computed":true},"docker_volume_size":{"type":"number","description_kind":"plain","optional":true,"computed":true},"flavor_id":{"type":"string","description_kind":"plain","optional":true,"computed":true},"id":{"type":"string","description_kind":"plain","optional":true,"computed":true},"image_id":{"type":"string","description_kind":"plain","optional":true,"computed":true},"labels":{"type":["map","string"],"description_kind":"plain","optional":true,"computed":true},"max_node_count":{"type":"number","description_kind":"plain","optional":true},"merge_labels":{"type":"bool","description_kind":"plain","optional":true},"min_node_count":{"type":"number","description_kind":"plain","optional":true,"computed":true},"name":{"type":"string","description_kind":"plain","required":true},"node_count":{"type":"number","description_kind":"plain","optional":true},"project_id":{"type":"string","description_kind":"plain","computed":true},"region":{"type":"string","description_kind":"plain","optional":true,"computed":true},"role":{"type":"string","description_kind":"plain","optional":true,"computed":true},"updated_at":{"type":"string","description_kind":"plain","computed":true}},"block_types":{"timeouts":{"nesting_mode":"single","block":{"attributes":{"create":{"type":"string","description_kind":"plain","optional":true},"delete":{"type":"string","description_kind":"plain","optional":true},"update":{"type":"string","description_kind":"plain","optional":true}},"description_kind":"plain"}}},"description_kind":"plain"}},"openstack_db_configuration_v1":{"version":0,"block":{"attributes":{"description":{"type":"string","description_kind":"plain","required":true},"id":{"type":"string","description_kind":"plain","optional":true,"computed":true},"name":{"type":"string","description_kind":"plain","required":true},"region":{"type":"string","description_kind":"plain","optional":true,"computed":true}},"block_types":{"configuration":{"nesting_mode":"list","block":{"attributes":{"name":{"type":"string","description_kind":"plain","required":true},"string_type":{"type":"bool","description_kind":"plain","optional":true},"value":{"type":"string","description_kind":"plain","required":true}},"description_kind":"plain"}},"datastore":{"nesting_mode":"list","block":{"attributes":{"type":{"type":"string","description_kind":"plain","required":true},"version":{"type":"string","description_kind":"plain","required":true}},"description_kind":"plain"},"min_items":1,"max_items":1},"timeouts":{"nesting_mode":"single","block":{"attributes":{"create":{"type":"string","description_kind":"plain","optional":true},"delete":{"type":"string","description_kind":"plain","optional":true}},"description_kind":"plain"}}},"description_kind":"plain"}},"openstack_db_database_v1":{"version":0,"block":{"attributes":{"id":{"type":"string","description_kind":"plain","optional":true,"computed":true},"instance_id":{"type":"string","description_kind":"plain","required":true},"name":{"type":"string","description_kind":"plain","required":true},"region":{"type":"string","description_kind":"plain","optional":true,"computed":true}},"block_types":{"timeouts":{"nesting_mode":"single","block":{"attributes":{"create":{"type":"string","description_kind":"plain","optional":true},"delete":{"type":"string","description_kind":"plain","optional":true}},"description_kind":"plain"}}},"description_kind":"plain"}},"openstack_db_instance_v1":{"version":0,"block":{"attributes":{"addresses":{"type":["list","string"],"description_kind":"plain","computed":true},"configuration_id":{"type":"string","description_kind":"plain","optional":true},"flavor_id":{"type":"string","description_kind":"plain","optional":true,"computed":true},"id":{"type":"string","description_kind":"plain","optional":true,"computed":true},"name":{"type":"string","description_kind":"plain","required":true},"region":{"type":"string","description_kind":"plain","optional":true,"computed":true},"size":{"type":"number","description_kind":"plain","required":true}},"block_types":{"database":{"nesting_mode":"list","block":{"attributes":{"charset":{"type":"string","description_kind":"plain","optional":true},"collate":{"type":"string","description_kind":"plain","optional":true},"name":{"type":"string","description_kind":"plain","required":true}},"description_kind":"plain"}},"datastore":{"nesting_mode":"list","block":{"attributes":{"type":{"type":"string","description_kind":"plain","required":true},"version":{"type":"string","description_kind":"plain","required":true}},"description_kind":"plain"},"min_items":1,"max_items":1},"network":{"nesting_mode":"list","block":{"attributes":{"fixed_ip_v4":{"type":"string","description_kind":"plain","optional":true},"fixed_ip_v6":{"type":"string","description_kind":"plain","optional":true},"port":{"type":"string","description_kind":"plain","optional":true},"uuid":{"type":"string","description_kind":"plain","optional":true}},"description_kind":"plain"}},"timeouts":{"nesting_mode":"single","block":{"attributes":{"create":{"type":"string","description_kind":"plain","optional":true},"delete":{"type":"string","description_kind":"plain","optional":true}},"description_kind":"plain"}},"user":{"nesting_mode":"list","block":{"attributes":{"databases":{"type":["set","string"],"description_kind":"plain","optional":true},"host":{"type":"string","description_kind":"plain","optional":true},"name":{"type":"string","description_kind":"plain","required":true},"password":{"type":"string","description_kind":"plain","optional":true,"sensitive":true}},"description_kind":"plain"}}},"description_kind":"plain"}},"openstack_db_user_v1":{"version":0,"block":{"attributes":{"databases":{"type":["set","string"],"description_kind":"plain","optional":true,"computed":true},"host":{"type":"string","description_kind":"plain","optional":true},"id":{"type":"string","description_kind":"plain","optional":true,"computed":true},"instance_id":{"type":"string","description_kind":"plain","required":true},"name":{"type":"string","description_kind":"plain","required":true},"password":{"type":"string","description_kind":"plain","required":true,"sensitive":true},"region":{"type":"string","description_kind":"plain","optional":true,"computed":true}},"block_types":{"timeouts":{"nesting_mode":"single","block":{"attributes":{"create":{"type":"string","description_kind":"plain","optional":true},"delete":{"type":"string","description_kind":"plain","optional":true}},"description_kind":"plain"}}},"description_kind":"plain"}},"openstack_dns_recordset_v2":{"version":0,"block":{"attributes":{"description":{"type":"string","description_kind":"plain","optional":true},"disable_status_check":{"type":"bool","description_kind":"plain","optional":true},"id":{"type":"string","description_kind":"plain","optional":true,"computed":true},"name":{"type":"string","description_kind":"plain","required":true},"project_id":{"type":"string","description_kind":"plain","optional":true,"computed":true},"records":{"type":["set","string"],"description_kind":"plain","required":true},"region":{"type":"string","description_kind":"plain","optional":true,"computed":true},"ttl":{"type":"number","description_kind":"plain","optional":true,"computed":true},"type":{"type":"string","description_kind":"plain","optional":true,"computed":true},"value_specs":{"type":["map","string"],"description_kind":"plain","optional":true},"zone_id":{"type":"string","description_kind":"plain","required":true}},"block_types":{"timeouts":{"nesting_mode":"single","block":{"attributes":{"create":{"type":"string","description_kind":"plain","optional":true},"delete":{"type":"string","description_kind":"plain","optional":true},"update":{"type":"string","description_kind":"plain","optional":true}},"description_kind":"plain"}}},"description_kind":"plain"}},"openstack_dns_transfer_accept_v2":{"version":0,"block":{"attributes":{"disable_status_check":{"type":"bool","description_kind":"plain","optional":true},"id":{"type":"string","description_kind":"plain","optional":true,"computed":true},"key":{"type":"string","description_kind":"plain","required":true},"region":{"type":"string","description_kind":"plain","optional":true,"computed":true},"value_specs":{"type":["map","string"],"description_kind":"plain","optional":true},"zone_transfer_request_id":{"type":"string","description_kind":"plain","required":true}},"block_types":{"timeouts":{"nesting_mode":"single","block":{"attributes":{"create":{"type":"string","description_kind":"plain","optional":true},"delete":{"type":"string","description_kind":"plain","optional":true},"update":{"type":"string","description_kind":"plain","optional":true}},"description_kind":"plain"}}},"description_kind":"plain"}},"openstack_dns_transfer_request_v2":{"version":0,"block":{"attributes":{"description":{"type":"string","description_kind":"plain","optional":true},"disable_status_check":{"type":"bool","description_kind":"plain","optional":true},"id":{"type":"string","description_kind":"plain","optional":true,"computed":true},"key":{"type":"string","description_kind":"plain","optional":true,"computed":true},"region":{"type":"string","description_kind":"plain","optional":true,"computed":true},"target_project_id":{"type":"string","description_kind":"plain","optional":true,"computed":true},"value_specs":{"type":["map","string"],"description_kind":"plain","optional":true},"zone_id":{"type":"string","description_kind":"plain","required":true}},"block_types":{"timeouts":{"nesting_mode":"single","block":{"attributes":{"create":{"type":"string","description_kind":"plain","optional":true},"delete":{"type":"string","description_kind":"plain","optional":true},"update":{"type":"string","description_kind":"plain","optional":true}},"description_kind":"plain"}}},"description_kind":"plain"}},"openstack_dns_zone_v2":{"version":0,"block":{"attributes":{"attributes":{"type":["map","string"],"description_kind":"plain","optional":true},"description":{"type":"string","description_kind":"plain","optional":true},"disable_status_check":{"type":"bool","description_kind":"plain","optional":true},"email":{"type":"string","description_kind":"plain","optional":true},"id":{"type":"string","description_kind":"plain","optional":true,"computed":true},"masters":{"type":["set","string"],"description_kind":"plain","optional":true},"name":{"type":"string","description_kind":"plain","required":true},"project_id":{"type":"string","description_kind":"plain","optional":true,"computed":true},"region":{"type":"string","description_kind":"plain","optional":true,"computed":true},"ttl":{"type":"number","description_kind":"plain","optional":true,"computed":true},"type":{"type":"string","description_kind":"plain","optional":true,"computed":true},"value_specs":{"type":["map","string"],"description_kind":"plain","optional":true}},"block_types":{"timeouts":{"nesting_mode":"single","block":{"attributes":{"create":{"type":"string","description_kind":"plain","optional":true},"delete":{"type":"string","description_kind":"plain","optional":true},"update":{"type":"string","description_kind":"plain","optional":true}},"description_kind":"plain"}}},"description_kind":"plain"}},"openstack_fw_firewall_v1":{"version":0,"block":{"attributes":{"admin_state_up":{"type":"bool","description_kind":"plain","optional":true},"associated_routers":{"type":["set","string"],"description_kind":"plain","optional":true,"computed":true},"description":{"type":"string","description_kind":"plain","optional":true},"id":{"type":"string","description_kind":"plain","optional":true,"computed":true},"name":{"type":"string","description_kind":"plain","optional":true},"no_routers":{"type":"bool","description_kind":"plain","optional":true},"policy_id":{"type":"string","description_kind":"plain","required":true},"region":{"type":"string","description_kind":"plain","optional":true,"computed":true},"tenant_id":{"type":"string","description_kind":"plain","optional":true,"computed":true},"value_specs":{"type":["map","string"],"description_kind":"plain","optional":true}},"block_types":{"timeouts":{"nesting_mode":"single","block":{"attributes":{"create":{"type":"string","description_kind":"plain","optional":true},"delete":{"type":"string","description_kind":"plain","optional":true},"update":{"type":"string","description_kind":"plain","optional":true}},"description_kind":"plain"}}},"description_kind":"plain"}},"openstack_fw_group_v2":{"version":0,"block":{"attributes":{"admin_state_up":{"type":"bool","description_kind":"plain","optional":true},"description":{"type":"string","description_kind":"plain","optional":true},"egress_firewall_policy_id":{"type":"string","description_kind":"plain","optional":true},"id":{"type":"string","description_kind":"plain","optional":true,"computed":true},"ingress_firewall_policy_id":{"type":"string","description_kind":"plain","optional":true},"name":{"type":"string","description_kind":"plain","optional":true},"ports":{"type":["set","string"],"description_kind":"plain","optional":true},"project_id":{"type":"string","description_kind":"plain","optional":true,"computed":true},"region":{"type":"string","description_kind":"plain","optional":true,"computed":true},"shared":{"type":"bool","description_kind":"plain","optional":true},"status":{"type":"string","description_kind":"plain","computed":true},"tenant_id":{"type":"string","description_kind":"plain","optional":true,"computed":true}},"block_types":{"timeouts":{"nesting_mode":"single","block":{"attributes":{"create":{"type":"string","description_kind":"plain","optional":true},"delete":{"type":"string","description_kind":"plain","optional":true},"update":{"type":"string","description_kind":"plain","optional":true}},"description_kind":"plain"}}},"description_kind":"plain"}},"openstack_fw_policy_v1":{"version":0,"block":{"attributes":{"audited":{"type":"bool","description_kind":"plain","optional":true},"description":{"type":"string","description_kind":"plain","optional":true},"id":{"type":"string","description_kind":"plain","optional":true,"computed":true},"name":{"type":"string","description_kind":"plain","optional":true},"region":{"type":"string","description_kind":"plain","optional":true,"computed":true},"rules":{"type":["list","string"],"description_kind":"plain","optional":true},"shared":{"type":"bool","description_kind":"plain","optional":true},"tenant_id":{"type":"string","description_kind":"plain","optional":true,"computed":true},"value_specs":{"type":["map","string"],"description_kind":"plain","optional":true}},"block_types":{"timeouts":{"nesting_mode":"single","block":{"attributes":{"create":{"type":"string","description_kind":"plain","optional":true},"delete":{"type":"string","description_kind":"plain","optional":true}},"description_kind":"plain"}}},"description_kind":"plain"}},"openstack_fw_policy_v2":{"version":0,"block":{"attributes":{"audited":{"type":"bool","description_kind":"plain","optional":true},"description":{"type":"string","description_kind":"plain","optional":true},"id":{"type":"string","description_kind":"plain","optional":true,"computed":true},"name":{"type":"string","description_kind":"plain","optional":true},"region":{"type":"string","description_kind":"plain","optional":true,"computed":true},"rules":{"type":["list","string"],"description_kind":"plain","optional":true},"shared":{"type":"bool","description_kind":"plain","optional":true},"tenant_id":{"type":"string","description_kind":"plain","optional":true,"computed":true}},"block_types":{"timeouts":{"nesting_mode":"single","block":{"attributes":{"create":{"type":"string","description_kind":"plain","optional":true},"delete":{"type":"string","description_kind":"plain","optional":true}},"description_kind":"plain"}}},"description_kind":"plain"}},"openstack_fw_rule_v1":{"version":0,"block":{"attributes":{"action":{"type":"string","description_kind":"plain","required":true},"description":{"type":"string","description_kind":"plain","optional":true},"destination_ip_address":{"type":"string","description_kind":"plain","optional":true},"destination_port":{"type":"string","description_kind":"plain","optional":true},"enabled":{"type":"bool","description_kind":"plain","optional":true},"id":{"type":"string","description_kind":"plain","optional":true,"computed":true},"ip_version":{"type":"number","description_kind":"plain","optional":true},"name":{"type":"string","description_kind":"plain","optional":true},"protocol":{"type":"string","description_kind":"plain","required":true},"region":{"type":"string","description_kind":"plain","optional":true,"computed":true},"source_ip_address":{"type":"string","description_kind":"plain","optional":true},"source_port":{"type":"string","description_kind":"plain","optional":true},"tenant_id":{"type":"string","description_kind":"plain","optional":true},"value_specs":{"type":["map","string"],"description_kind":"plain","optional":true}},"description_kind":"plain"}},"openstack_fw_rule_v2":{"version":0,"block":{"attributes":{"action":{"type":"string","description_kind":"plain","optional":true},"description":{"type":"string","description_kind":"plain","optional":true},"destination_ip_address":{"type":"string","description_kind":"plain","optional":true},"destination_port":{"type":"string","description_kind":"plain","optional":true},"enabled":{"type":"bool","description_kind":"plain","optional":true},"id":{"type":"string","description_kind":"plain","optional":true,"computed":true},"ip_version":{"type":"number","description_kind":"plain","optional":true},"name":{"type":"string","description_kind":"plain","optional":true},"protocol":{"type":"string","description_kind":"plain","optional":true},"region":{"type":"string","description_kind":"plain","optional":true,"computed":true},"shared":{"type":"bool","description_kind":"plain","optional":true},"source_ip_address":{"type":"string","description_kind":"plain","optional":true},"source_port":{"type":"string","description_kind":"plain","optional":true},"tenant_id":{"type":"string","description_kind":"plain","optional":true}},"description_kind":"plain"}},"openstack_identity_application_credential_v3":{"version":0,"block":{"attributes":{"description":{"type":"string","description_kind":"plain","optional":true},"expires_at":{"type":"string","description_kind":"plain","optional":true},"id":{"type":"string","description_kind":"plain","optional":true,"computed":true},"name":{"type":"string","description_kind":"plain","required":true},"project_id":{"type":"string","description_kind":"plain","computed":true},"region":{"type":"string","description_kind":"plain","optional":true,"computed":true},"roles":{"type":["set","string"],"description_kind":"plain","optional":true,"computed":true},"secret":{"type":"string","description_kind":"plain","optional":true,"computed":true,"sensitive":true},"unrestricted":{"type":"bool","description_kind":"plain","optional":true}},"block_types":{"access_rules":{"nesting_mode":"set","block":{"attributes":{"id":{"type":"string","description_kind":"plain","computed":true},"method":{"type":"string","description_kind":"plain","required":true},"path":{"type":"string","description_kind":"plain","required":true},"service":{"type":"string","description_kind":"plain","required":true}},"description_kind":"plain"}}},"description_kind":"plain"}},"openstack_identity_ec2_credential_v3":{"version":0,"block":{"attributes":{"access":{"type":"string","description_kind":"plain","computed":true},"id":{"type":"string","description_kind":"plain","optional":true,"computed":true},"project_id":{"type":"string","description_kind":"plain","optional":true,"computed":true},"region":{"type":"string","description_kind":"plain","optional":true,"computed":true},"secret":{"type":"string","description_kind":"plain","computed":true,"sensitive":true},"trust_id":{"type":"string","description_kind":"plain","computed":true},"user_id":{"type":"string","description_kind":"plain","optional":true,"computed":true}},"description_kind":"plain"}},"openstack_identity_endpoint_v3":{"version":0,"block":{"attributes":{"endpoint_region":{"type":"string","description_kind":"plain","required":true},"id":{"type":"string","description_kind":"plain","optional":true,"computed":true},"interface":{"type":"string","description_kind":"plain","optional":true},"name":{"type":"string","description_kind":"plain","optional":true},"region":{"type":"string","description_kind":"plain","optional":true,"computed":true},"service_id":{"type":"string","description_kind":"plain","required":true},"service_name":{"type":"string","description_kind":"plain","computed":true},"service_type":{"type":"string","description_kind":"plain","computed":true},"url":{"type":"string","description_kind":"plain","required":true}},"description_kind":"plain"}},"openstack_identity_group_v3":{"version":0,"block":{"attributes":{"description":{"type":"string","description_kind":"plain","optional":true},"domain_id":{"type":"string","description_kind":"plain","optional":true,"computed":true},"id":{"type":"string","description_kind":"plain","optional":true,"computed":true},"name":{"type":"string","description_kind":"plain","required":true},"region":{"type":"string","description_kind":"plain","optional":true,"computed":true}},"description_kind":"plain"}},"openstack_identity_inherit_role_assignment_v3":{"version":0,"block":{"attributes":{"domain_id":{"type":"string","description_kind":"plain","optional":true},"group_id":{"type":"string","description_kind":"plain","optional":true},"id":{"type":"string","description_kind":"plain","optional":true,"computed":true},"project_id":{"type":"string","description_kind":"plain","optional":true},"region":{"type":"string","description_kind":"plain","optional":true,"computed":true},"role_id":{"type":"string","description_kind":"plain","required":true},"user_id":{"type":"string","description_kind":"plain","optional":true}},"description_kind":"plain"}},"openstack_identity_project_v3":{"version":0,"block":{"attributes":{"description":{"type":"string","description_kind":"plain","optional":true},"domain_id":{"type":"string","description_kind":"plain","optional":true,"computed":true},"enabled":{"type":"bool","description_kind":"plain","optional":true},"id":{"type":"string","description_kind":"plain","optional":true,"computed":true},"is_domain":{"type":"bool","description_kind":"plain","optional":true},"name":{"type":"string","description_kind":"plain","optional":true},"parent_id":{"type":"string","description_kind":"plain","optional":true,"computed":true},"region":{"type":"string","description_kind":"plain","optional":true,"computed":true},"tags":{"type":["set","string"],"description_kind":"plain","optional":true}},"description_kind":"plain"}},"openstack_identity_role_assignment_v3":{"version":0,"block":{"attributes":{"domain_id":{"type":"string","description_kind":"plain","optional":true},"group_id":{"type":"string","description_kind":"plain","optional":true},"id":{"type":"string","description_kind":"plain","optional":true,"computed":true},"project_id":{"type":"string","description_kind":"plain","optional":true},"region":{"type":"string","description_kind":"plain","optional":true,"computed":true},"role_id":{"type":"string","description_kind":"plain","required":true},"user_id":{"type":"string","description_kind":"plain","optional":true}},"description_kind":"plain"}},"openstack_identity_role_v3":{"version":0,"block":{"attributes":{"domain_id":{"type":"string","description_kind":"plain","optional":true,"computed":true},"id":{"type":"string","description_kind":"plain","optional":true,"computed":true},"name":{"type":"string","description_kind":"plain","required":true},"region":{"type":"string","description_kind":"plain","optional":true,"computed":true}},"description_kind":"plain"}},"openstack_identity_service_v3":{"version":0,"block":{"attributes":{"description":{"type":"string","description_kind":"plain","optional":true},"enabled":{"type":"bool","description_kind":"plain","optional":true},"id":{"type":"string","description_kind":"plain","optional":true,"computed":true},"name":{"type":"string","description_kind":"plain","required":true},"region":{"type":"string","description_kind":"plain","optional":true,"computed":true},"type":{"type":"string","description_kind":"plain","required":true}},"description_kind":"plain"}},"openstack_identity_user_membership_v3":{"version":0,"block":{"attributes":{"group_id":{"type":"string","description_kind":"plain","required":true},"id":{"type":"string","description_kind":"plain","optional":true,"computed":true},"region":{"type":"string","description_kind":"plain","optional":true,"computed":true},"user_id":{"type":"string","description_kind":"plain","required":true}},"description_kind":"plain"}},"openstack_identity_user_v3":{"version":0,"block":{"attributes":{"default_project_id":{"type":"string","description_kind":"plain","optional":true,"computed":true},"description":{"type":"string","description_kind":"plain","optional":true},"domain_id":{"type":"string","description_kind":"plain","optional":true,"computed":true},"enabled":{"type":"bool","description_kind":"plain","optional":true},"extra":{"type":["map","string"],"description_kind":"plain","optional":true},"id":{"type":"string","description_kind":"plain","optional":true,"computed":true},"ignore_change_password_upon_first_use":{"type":"bool","description_kind":"plain","optional":true},"ignore_lockout_failure_attempts":{"type":"bool","description_kind":"plain","optional":true},"ignore_password_expiry":{"type":"bool","description_kind":"plain","optional":true},"multi_factor_auth_enabled":{"type":"bool","description_kind":"plain","optional":true},"name":{"type":"string","description_kind":"plain","optional":true},"password":{"type":"string","description_kind":"plain","optional":true,"sensitive":true},"region":{"type":"string","description_kind":"plain","optional":true,"computed":true}},"block_types":{"multi_factor_auth_rule":{"nesting_mode":"list","block":{"attributes":{"rule":{"type":["list","string"],"description_kind":"plain","required":true}},"description_kind":"plain"}}},"description_kind":"plain"}},"openstack_images_image_access_accept_v2":{"version":0,"block":{"attributes":{"created_at":{"type":"string","description_kind":"plain","computed":true},"id":{"type":"string","description_kind":"plain","optional":true,"computed":true},"image_id":{"type":"string","description_kind":"plain","required":true},"member_id":{"type":"string","description_kind":"plain","optional":true,"computed":true},"region":{"type":"string","description_kind":"plain","optional":true,"computed":true},"schema":{"type":"string","description_kind":"plain","computed":true},"status":{"type":"string","description_kind":"plain","required":true},"updated_at":{"type":"string","description_kind":"plain","computed":true}},"description_kind":"plain"}},"openstack_images_image_access_v2":{"version":0,"block":{"attributes":{"created_at":{"type":"string","description_kind":"plain","computed":true},"id":{"type":"string","description_kind":"plain","optional":true,"computed":true},"image_id":{"type":"string","description_kind":"plain","required":true},"member_id":{"type":"string","description_kind":"plain","required":true},"region":{"type":"string","description_kind":"plain","optional":true,"computed":true},"schema":{"type":"string","description_kind":"plain","computed":true},"status":{"type":"string","description_kind":"plain","optional":true,"computed":true},"updated_at":{"type":"string","description_kind":"plain","computed":true}},"description_kind":"plain"}},"openstack_images_image_v2":{"version":0,"block":{"attributes":{"checksum":{"type":"string","description_kind":"plain","computed":true},"container_format":{"type":"string","description_kind":"plain","required":true},"created_at":{"type":"string","description_kind":"plain","computed":true},"decompress":{"type":"bool","description_kind":"plain","optional":true},"disk_format":{"type":"string","description_kind":"plain","required":true},"file":{"type":"string","description_kind":"plain","computed":true},"hidden":{"type":"bool","description_kind":"plain","optional":true},"id":{"type":"string","description_kind":"plain","optional":true,"computed":true},"image_cache_path":{"type":"string","description_kind":"plain","optional":true},"image_id":{"type":"string","description_kind":"plain","optional":true,"computed":true},"image_source_password":{"type":"string","description_kind":"plain","optional":true,"sensitive":true},"image_source_url":{"type":"string","description_kind":"plain","optional":true},"image_source_username":{"type":"string","description_kind":"plain","optional":true},"local_file_path":{"type":"string","description_kind":"plain","optional":true},"metadata":{"type":["map","string"],"description_kind":"plain","computed":true},"min_disk_gb":{"type":"number","description_kind":"plain","optional":true},"min_ram_mb":{"type":"number","description_kind":"plain","optional":true},"name":{"type":"string","description_kind":"plain","required":true},"owner":{"type":"string","description_kind":"plain","computed":true},"properties":{"type":["map","string"],"description_kind":"plain","optional":true,"computed":true},"protected":{"type":"bool","description_kind":"plain","optional":true},"region":{"type":"string","description_kind":"plain","optional":true,"computed":true},"schema":{"type":"string","description_kind":"plain","computed":true},"size_bytes":{"type":"number","description_kind":"plain","computed":true},"status":{"type":"string","description_kind":"plain","computed":true},"tags":{"type":["set","string"],"description_kind":"plain","optional":true},"update_at":{"type":"string","description_kind":"plain","deprecated":true,"computed":true},"updated_at":{"type":"string","description_kind":"plain","computed":true},"verify_checksum":{"type":"bool","description_kind":"plain","optional":true},"visibility":{"type":"string","description_kind":"plain","optional":true},"web_download":{"type":"bool","description_kind":"plain","optional":true}},"block_types":{"timeouts":{"nesting_mode":"single","block":{"attributes":{"create":{"type":"string","description_kind":"plain","optional":true}},"description_kind":"plain"}}},"description_kind":"plain"}},"openstack_keymanager_container_v1":{"version":0,"block":{"attributes":{"consumers":{"type":["list",["object",{"name":"string","url":"string"}]],"description_kind":"plain","computed":true},"container_ref":{"type":"string","description_kind":"plain","computed":true},"created_at":{"type":"string","description_kind":"plain","computed":true},"creator_id":{"type":"string","description_kind":"plain","computed":true},"id":{"type":"string","description_kind":"plain","optional":true,"computed":true},"name":{"type":"string","description_kind":"plain","optional":true},"region":{"type":"string","description_kind":"plain","optional":true,"computed":true},"status":{"type":"string","description_kind":"plain","computed":true},"type":{"type":"string","description_kind":"plain","required":true},"updated_at":{"type":"string","description_kind":"plain","computed":true}},"block_types":{"acl":{"nesting_mode":"list","block":{"block_types":{"read":{"nesting_mode":"list","block":{"attributes":{"created_at":{"type":"string","description_kind":"plain","computed":true},"project_access":{"type":"bool","description_kind":"plain","optional":true},"updated_at":{"type":"string","description_kind":"plain","computed":true},"users":{"type":["set","string"],"description_kind":"plain","optional":true}},"description_kind":"plain"},"max_items":1}},"description_kind":"plain"},"max_items":1},"secret_refs":{"nesting_mode":"set","block":{"attributes":{"name":{"type":"string","description_kind":"plain","optional":true},"secret_ref":{"type":"string","description_kind":"plain","required":true}},"description_kind":"plain"}},"timeouts":{"nesting_mode":"single","block":{"attributes":{"create":{"type":"string","description_kind":"plain","optional":true},"delete":{"type":"string","description_kind":"plain","optional":true},"update":{"type":"string","description_kind":"plain","optional":true}},"description_kind":"plain"}}},"description_kind":"plain"}},"openstack_keymanager_order_v1":{"version":0,"block":{"attributes":{"container_ref":{"type":"string","description_kind":"plain","computed":true},"created":{"type":"string","description_kind":"plain","computed":true},"creator_id":{"type":"string","description_kind":"plain","computed":true},"id":{"type":"string","description_kind":"plain","optional":true,"computed":true},"order_ref":{"type":"string","description_kind":"plain","computed":true},"region":{"type":"string","description_kind":"plain","optional":true,"computed":true},"secret_ref":{"type":"string","description_kind":"plain","computed":true},"status":{"type":"string","description_kind":"plain","computed":true},"sub_status":{"type":"string","description_kind":"plain","computed":true},"sub_status_message":{"type":"string","description_kind":"plain","computed":true},"type":{"type":"string","description_kind":"plain","required":true},"updated":{"type":"string","description_kind":"plain","computed":true}},"block_types":{"meta":{"nesting_mode":"list","block":{"attributes":{"algorithm":{"type":"string","description_kind":"plain","required":true},"bit_length":{"type":"number","description_kind":"plain","required":true},"expiration":{"type":"string","description_kind":"plain","optional":true},"mode":{"type":"string","description_kind":"plain","optional":true},"name":{"type":"string","description_kind":"plain","optional":true},"payload_content_type":{"type":"string","description_kind":"plain","optional":true}},"description_kind":"plain"},"min_items":1,"max_items":1},"timeouts":{"nesting_mode":"single","block":{"attributes":{"create":{"type":"string","description_kind":"plain","optional":true},"delete":{"type":"string","description_kind":"plain","optional":true}},"description_kind":"plain"}}},"description_kind":"plain"}},"openstack_keymanager_secret_v1":{"version":0,"block":{"attributes":{"algorithm":{"type":"string","description_kind":"plain","optional":true,"computed":true},"all_metadata":{"type":["map","string"],"description_kind":"plain","computed":true},"bit_length":{"type":"number","description_kind":"plain","optional":true,"computed":true},"content_types":{"type":["map","string"],"description_kind":"plain","computed":true},"created_at":{"type":"string","description_kind":"plain","computed":true},"creator_id":{"type":"string","description_kind":"plain","computed":true},"expiration":{"type":"string","description_kind":"plain","optional":true},"id":{"type":"string","description_kind":"plain","optional":true,"computed":true},"metadata":{"type":["map","string"],"description_kind":"plain","optional":true},"mode":{"type":"string","description_kind":"plain","optional":true,"computed":true},"name":{"type":"string","description_kind":"plain","optional":true},"payload":{"type":"string","description_kind":"plain","optional":true,"sensitive":true},"payload_content_encoding":{"type":"string","description_kind":"plain","optional":true},"payload_content_type":{"type":"string","description_kind":"plain","optional":true},"region":{"type":"string","description_kind":"plain","optional":true,"computed":true},"secret_ref":{"type":"string","description_kind":"plain","computed":true},"secret_type":{"type":"string","description_kind":"plain","optional":true,"computed":true},"status":{"type":"string","description_kind":"plain","computed":true},"updated_at":{"type":"string","description_kind":"plain","computed":true}},"block_types":{"acl":{"nesting_mode":"list","block":{"block_types":{"read":{"nesting_mode":"list","block":{"attributes":{"created_at":{"type":"string","description_kind":"plain","computed":true},"project_access":{"type":"bool","description_kind":"plain","optional":true},"updated_at":{"type":"string","description_kind":"plain","computed":true},"users":{"type":["set","string"],"description_kind":"plain","optional":true}},"description_kind":"plain"},"max_items":1}},"description_kind":"plain"},"max_items":1},"timeouts":{"nesting_mode":"single","block":{"attributes":{"create":{"type":"string","description_kind":"plain","optional":true},"delete":{"type":"string","description_kind":"plain","optional":true},"update":{"type":"string","description_kind":"plain","optional":true}},"description_kind":"plain"}}},"description_kind":"plain"}},"openstack_lb_l7policy_v2":{"version":0,"block":{"attributes":{"action":{"type":"string","description_kind":"plain","required":true},"admin_state_up":{"type":"bool","description_kind":"plain","optional":true},"description":{"type":"string","description_kind":"plain","optional":true},"id":{"type":"string","description_kind":"plain","optional":true,"computed":true},"listener_id":{"type":"string","description_kind":"plain","required":true},"name":{"type":"string","description_kind":"plain","optional":true},"position":{"type":"number","description_kind":"plain","optional":true,"computed":true},"redirect_pool_id":{"type":"string","description_kind":"plain","optional":true},"redirect_url":{"type":"string","description_kind":"plain","optional":true},"region":{"type":"string","description_kind":"plain","optional":true,"computed":true},"tenant_id":{"type":"string","description_kind":"plain","optional":true,"computed":true}},"block_types":{"timeouts":{"nesting_mode":"single","block":{"attributes":{"create":{"type":"string","description_kind":"plain","optional":true},"delete":{"type":"string","description_kind":"plain","optional":true},"update":{"type":"string","description_kind":"plain","optional":true}},"description_kind":"plain"}}},"description_kind":"plain"}},"openstack_lb_l7rule_v2":{"version":0,"block":{"attributes":{"admin_state_up":{"type":"bool","description_kind":"plain","optional":true},"compare_type":{"type":"string","description_kind":"plain","required":true},"id":{"type":"string","description_kind":"plain","optional":true,"computed":true},"invert":{"type":"bool","description_kind":"plain","optional":true},"key":{"type":"string","description_kind":"plain","optional":true},"l7policy_id":{"type":"string","description_kind":"plain","required":true},"listener_id":{"type":"string","description_kind":"plain","computed":true},"region":{"type":"string","description_kind":"plain","optional":true,"computed":true},"tenant_id":{"type":"string","description_kind":"plain","optional":true,"computed":true},"type":{"type":"string","description_kind":"plain","required":true},"value":{"type":"string","description_kind":"plain","required":true}},"block_types":{"timeouts":{"nesting_mode":"single","block":{"attributes":{"create":{"type":"string","description_kind":"plain","optional":true},"delete":{"type":"string","description_kind":"plain","optional":true},"update":{"type":"string","description_kind":"plain","optional":true}},"description_kind":"plain"}}},"description_kind":"plain"}},"openstack_lb_listener_v2":{"version":0,"block":{"attributes":{"admin_state_up":{"type":"bool","description_kind":"plain","optional":true},"allowed_cidrs":{"type":["list","string"],"description_kind":"plain","optional":true},"connection_limit":{"type":"number","description_kind":"plain","optional":true,"computed":true},"default_pool_id":{"type":"string","description_kind":"plain","optional":true,"computed":true},"default_tls_container_ref":{"type":"string","description_kind":"plain","optional":true},"description":{"type":"string","description_kind":"plain","optional":true},"id":{"type":"string","description_kind":"plain","optional":true,"computed":true},"insert_headers":{"type":["map","string"],"description_kind":"plain","optional":true},"loadbalancer_id":{"type":"string","description_kind":"plain","required":true},"name":{"type":"string","description_kind":"plain","optional":true,"computed":true},"protocol":{"type":"string","description_kind":"plain","required":true},"protocol_port":{"type":"number","description_kind":"plain","required":true},"region":{"type":"string","description_kind":"plain","optional":true,"computed":true},"sni_container_refs":{"type":["list","string"],"description_kind":"plain","optional":true},"tags":{"type":["set","string"],"description_kind":"plain","optional":true},"tenant_id":{"type":"string","description_kind":"plain","optional":true,"computed":true},"timeout_client_data":{"type":"number","description_kind":"plain","optional":true,"computed":true},"timeout_member_connect":{"type":"number","description_kind":"plain","optional":true,"computed":true},"timeout_member_data":{"type":"number","description_kind":"plain","optional":true,"computed":true},"timeout_tcp_inspect":{"type":"number","description_kind":"plain","optional":true,"computed":true}},"block_types":{"timeouts":{"nesting_mode":"single","block":{"attributes":{"create":{"type":"string","description_kind":"plain","optional":true},"delete":{"type":"string","description_kind":"plain","optional":true},"update":{"type":"string","description_kind":"plain","optional":true}},"description_kind":"plain"}}},"description_kind":"plain"}},"openstack_lb_loadbalancer_v2":{"version":0,"block":{"attributes":{"admin_state_up":{"type":"bool","description_kind":"plain","optional":true},"availability_zone":{"type":"string","description_kind":"plain","optional":true},"description":{"type":"string","description_kind":"plain","optional":true},"flavor_id":{"type":"string","description_kind":"plain","optional":true,"computed":true},"id":{"type":"string","description_kind":"plain","optional":true,"computed":true},"loadbalancer_provider":{"type":"string","description_kind":"plain","optional":true,"computed":true},"name":{"type":"string","description_kind":"plain","optional":true},"region":{"type":"string","description_kind":"plain","optional":true,"computed":true},"security_group_ids":{"type":["set","string"],"description_kind":"plain","optional":true,"computed":true},"tags":{"type":["set","string"],"description_kind":"plain","optional":true},"tenant_id":{"type":"string","description_kind":"plain","optional":true,"computed":true},"vip_address":{"type":"string","description_kind":"plain","optional":true,"computed":true},"vip_network_id":{"type":"string","description_kind":"plain","optional":true,"computed":true},"vip_port_id":{"type":"string","description_kind":"plain","optional":true,"computed":true},"vip_subnet_id":{"type":"string","description_kind":"plain","optional":true,"computed":true}},"block_types":{"timeouts":{"nesting_mode":"single","block":{"attributes":{"create":{"type":"string","description_kind":"plain","optional":true},"delete":{"type":"string","description_kind":"plain","optional":true},"update":{"type":"string","description_kind":"plain","optional":true}},"description_kind":"plain"}}},"description_kind":"plain"}},"openstack_lb_member_v1":{"version":0,"block":{"attributes":{"address":{"type":"string","description_kind":"plain","required":true},"admin_state_up":{"type":"bool","description_kind":"plain","optional":true,"computed":true},"id":{"type":"string","description_kind":"plain","optional":true,"computed":true},"pool_id":{"type":"string","description_kind":"plain","required":true},"port":{"type":"number","description_kind":"plain","required":true},"region":{"type":"string","description_kind":"plain","optional":true,"computed":true},"tenant_id":{"type":"string","description_kind":"plain","optional":true},"weight":{"type":"number","description_kind":"plain","optional":true,"computed":true}},"block_types":{"timeouts":{"nesting_mode":"single","block":{"attributes":{"create":{"type":"string","description_kind":"plain","optional":true},"delete":{"type":"string","description_kind":"plain","optional":true}},"description_kind":"plain"}}},"description_kind":"plain"}},"openstack_lb_member_v2":{"version":0,"block":{"attributes":{"address":{"type":"string","description_kind":"plain","required":true},"admin_state_up":{"type":"bool","description_kind":"plain","optional":true},"backup":{"type":"bool","description_kind":"plain","optional":true},"id":{"type":"string","description_kind":"plain","optional":true,"computed":true},"monitor_address":{"type":"string","description_kind":"plain","optional":true},"monitor_port":{"type":"number","description_kind":"plain","optional":true},"name":{"type":"string","description_kind":"plain","optional":true},"pool_id":{"type":"string","description_kind":"plain","required":true},"protocol_port":{"type":"number","description_kind":"plain","required":true},"region":{"type":"string","description_kind":"plain","optional":true,"computed":true},"subnet_id":{"type":"string","description_kind":"plain","optional":true},"tenant_id":{"type":"string","description_kind":"plain","optional":true,"computed":true},"weight":{"type":"number","description_kind":"plain","optional":true,"computed":true}},"block_types":{"timeouts":{"nesting_mode":"single","block":{"attributes":{"create":{"type":"string","description_kind":"plain","optional":true},"delete":{"type":"string","description_kind":"plain","optional":true},"update":{"type":"string","description_kind":"plain","optional":true}},"description_kind":"plain"}}},"description_kind":"plain"}},"openstack_lb_members_v2":{"version":0,"block":{"attributes":{"id":{"type":"string","description_kind":"plain","optional":true,"computed":true},"pool_id":{"type":"string","description_kind":"plain","required":true},"region":{"type":"string","description_kind":"plain","optional":true,"computed":true}},"block_types":{"member":{"nesting_mode":"set","block":{"attributes":{"address":{"type":"string","description_kind":"plain","required":true},"admin_state_up":{"type":"bool","description_kind":"plain","optional":true},"backup":{"type":"bool","description_kind":"plain","optional":true},"id":{"type":"string","description_kind":"plain","computed":true},"monitor_address":{"type":"string","description_kind":"plain","optional":true},"monitor_port":{"type":"number","description_kind":"plain","optional":true},"name":{"type":"string","description_kind":"plain","optional":true},"protocol_port":{"type":"number","description_kind":"plain","required":true},"subnet_id":{"type":"string","description_kind":"plain","optional":true},"weight":{"type":"number","description_kind":"plain","optional":true}},"description_kind":"plain"}},"timeouts":{"nesting_mode":"single","block":{"attributes":{"create":{"type":"string","description_kind":"plain","optional":true},"delete":{"type":"string","description_kind":"plain","optional":true},"update":{"type":"string","description_kind":"plain","optional":true}},"description_kind":"plain"}}},"description_kind":"plain"}},"openstack_lb_monitor_v1":{"version":0,"block":{"attributes":{"admin_state_up":{"type":"string","description_kind":"plain","optional":true,"computed":true},"delay":{"type":"number","description_kind":"plain","required":true},"expected_codes":{"type":"string","description_kind":"plain","optional":true},"http_method":{"type":"string","description_kind":"plain","optional":true},"id":{"type":"string","description_kind":"plain","optional":true,"computed":true},"max_retries":{"type":"number","description_kind":"plain","required":true},"region":{"type":"string","description_kind":"plain","optional":true,"computed":true},"tenant_id":{"type":"string","description_kind":"plain","optional":true,"computed":true},"timeout":{"type":"number","description_kind":"plain","required":true},"type":{"type":"string","description_kind":"plain","required":true},"url_path":{"type":"string","description_kind":"plain","optional":true}},"block_types":{"timeouts":{"nesting_mode":"single","block":{"attributes":{"create":{"type":"string","description_kind":"plain","optional":true},"delete":{"type":"string","description_kind":"plain","optional":true}},"description_kind":"plain"}}},"description_kind":"plain"}},"openstack_lb_monitor_v2":{"version":0,"block":{"attributes":{"admin_state_up":{"type":"bool","description_kind":"plain","optional":true},"delay":{"type":"number","description_kind":"plain","required":true},"expected_codes":{"type":"string","description_kind":"plain","optional":true,"computed":true},"http_method":{"type":"string","description_kind":"plain","optional":true,"computed":true},"id":{"type":"string","description_kind":"plain","optional":true,"computed":true},"max_retries":{"type":"number","description_kind":"plain","required":true},"max_retries_down":{"type":"number","description_kind":"plain","optional":true,"computed":true},"name":{"type":"string","description_kind":"plain","optional":true},"pool_id":{"type":"string","description_kind":"plain","required":true},"region":{"type":"string","description_kind":"plain","optional":true,"computed":true},"tenant_id":{"type":"string","description_kind":"plain","optional":true,"computed":true},"timeout":{"type":"number","description_kind":"plain","required":true},"type":{"type":"string","description_kind":"plain","required":true},"url_path":{"type":"string","description_kind":"plain","optional":true,"computed":true}},"block_types":{"timeouts":{"nesting_mode":"single","block":{"attributes":{"create":{"type":"string","description_kind":"plain","optional":true},"delete":{"type":"string","description_kind":"plain","optional":true},"update":{"type":"string","description_kind":"plain","optional":true}},"description_kind":"plain"}}},"description_kind":"plain"}},"openstack_lb_pool_v1":{"version":0,"block":{"attributes":{"id":{"type":"string","description_kind":"plain","optional":true,"computed":true},"lb_method":{"type":"string","description_kind":"plain","required":true},"lb_provider":{"type":"string","description_kind":"plain","optional":true,"computed":true},"member":{"type":["set","string"],"description_kind":"plain","deprecated":true,"optional":true},"monitor_ids":{"type":["set","string"],"description_kind":"plain","optional":true},"name":{"type":"string","description_kind":"plain","required":true},"protocol":{"type":"string","description_kind":"plain","required":true},"region":{"type":"string","description_kind":"plain","optional":true,"computed":true},"subnet_id":{"type":"string","description_kind":"plain","required":true},"tenant_id":{"type":"string","description_kind":"plain","optional":true,"computed":true}},"block_types":{"timeouts":{"nesting_mode":"single","block":{"attributes":{"create":{"type":"string","description_kind":"plain","optional":true},"delete":{"type":"string","description_kind":"plain","optional":true}},"description_kind":"plain"}}},"description_kind":"plain"}},"openstack_lb_pool_v2":{"version":0,"block":{"attributes":{"admin_state_up":{"type":"bool","description_kind":"plain","optional":true},"description":{"type":"string","description_kind":"plain","optional":true},"id":{"type":"string","description_kind":"plain","optional":true,"computed":true},"lb_method":{"type":"string","description_kind":"plain","required":true},"listener_id":{"type":"string","description_kind":"plain","optional":true},"loadbalancer_id":{"type":"string","description_kind":"plain","optional":true},"name":{"type":"string","description_kind":"plain","optional":true},"protocol":{"type":"string","description_kind":"plain","required":true},"region":{"type":"string","description_kind":"plain","optional":true,"computed":true},"tenant_id":{"type":"string","description_kind":"plain","optional":true,"computed":true}},"block_types":{"persistence":{"nesting_mode":"list","block":{"attributes":{"cookie_name":{"type":"string","description_kind":"plain","optional":true},"type":{"type":"string","description_kind":"plain","required":true}},"description_kind":"plain"},"max_items":1},"timeouts":{"nesting_mode":"single","block":{"attributes":{"create":{"type":"string","description_kind":"plain","optional":true},"delete":{"type":"string","description_kind":"plain","optional":true},"update":{"type":"string","description_kind":"plain","optional":true}},"description_kind":"plain"}}},"description_kind":"plain"}},"openstack_lb_quota_v2":{"version":0,"block":{"attributes":{"health_monitor":{"type":"number","description_kind":"plain","optional":true,"computed":true},"id":{"type":"string","description_kind":"plain","optional":true,"computed":true},"l7_policy":{"type":"number","description_kind":"plain","optional":true,"computed":true},"l7_rule":{"type":"number","description_kind":"plain","optional":true,"computed":true},"listener":{"type":"number","description_kind":"plain","optional":true,"computed":true},"loadbalancer":{"type":"number","description_kind":"plain","optional":true,"computed":true},"member":{"type":"number","description_kind":"plain","optional":true,"computed":true},"pool":{"type":"number","description_kind":"plain","optional":true,"computed":true},"project_id":{"type":"string","description_kind":"plain","required":true},"region":{"type":"string","description_kind":"plain","optional":true,"computed":true}},"block_types":{"timeouts":{"nesting_mode":"single","block":{"attributes":{"create":{"type":"string","description_kind":"plain","optional":true},"delete":{"type":"string","description_kind":"plain","optional":true},"update":{"type":"string","description_kind":"plain","optional":true}},"description_kind":"plain"}}},"description_kind":"plain"}},"openstack_lb_vip_v1":{"version":0,"block":{"attributes":{"address":{"type":"string","description_kind":"plain","optional":true,"computed":true},"admin_state_up":{"type":"bool","description_kind":"plain","optional":true,"computed":true},"conn_limit":{"type":"number","description_kind":"plain","optional":true,"computed":true},"description":{"type":"string","description_kind":"plain","optional":true,"computed":true},"floating_ip":{"type":"string","description_kind":"plain","optional":true},"id":{"type":"string","description_kind":"plain","optional":true,"computed":true},"name":{"type":"string","description_kind":"plain","required":true},"persistence":{"type":["map","string"],"description_kind":"plain","optional":true},"pool_id":{"type":"string","description_kind":"plain","required":true},"port":{"type":"number","description_kind":"plain","required":true},"port_id":{"type":"string","description_kind":"plain","computed":true},"protocol":{"type":"string","description_kind":"plain","required":true},"region":{"type":"string","description_kind":"plain","optional":true,"computed":true},"subnet_id":{"type":"string","description_kind":"plain","required":true},"tenant_id":{"type":"string","description_kind":"plain","optional":true,"computed":true}},"block_types":{"timeouts":{"nesting_mode":"single","block":{"attributes":{"create":{"type":"string","description_kind":"plain","optional":true},"delete":{"type":"string","description_kind":"plain","optional":true}},"description_kind":"plain"}}},"description_kind":"plain"}},"openstack_networking_addressscope_v2":{"version":0,"block":{"attributes":{"id":{"type":"string","description_kind":"plain","optional":true,"computed":true},"ip_version":{"type":"number","description_kind":"plain","optional":true},"name":{"type":"string","description_kind":"plain","required":true},"project_id":{"type":"string","description_kind":"plain","optional":true,"computed":true},"region":{"type":"string","description_kind":"plain","optional":true,"computed":true},"shared":{"type":"bool","description_kind":"plain","optional":true,"computed":true}},"block_types":{"timeouts":{"nesting_mode":"single","block":{"attributes":{"create":{"type":"string","description_kind":"plain","optional":true},"delete":{"type":"string","description_kind":"plain","optional":true}},"description_kind":"plain"}}},"description_kind":"plain"}},"openstack_networking_floatingip_associate_v2":{"version":0,"block":{"attributes":{"fixed_ip":{"type":"string","description_kind":"plain","optional":true,"computed":true},"floating_ip":{"type":"string","description_kind":"plain","required":true},"id":{"type":"string","description_kind":"plain","optional":true,"computed":true},"port_id":{"type":"string","description_kind":"plain","required":true},"region":{"type":"string","description_kind":"plain","optional":true,"computed":true}},"description_kind":"plain"}},"openstack_networking_floatingip_v2":{"version":0,"block":{"attributes":{"address":{"type":"string","description_kind":"plain","optional":true,"computed":true},"all_tags":{"type":["set","string"],"description_kind":"plain","computed":true},"description":{"type":"string","description_kind":"plain","optional":true},"dns_domain":{"type":"string","description_kind":"plain","optional":true,"computed":true},"dns_name":{"type":"string","description_kind":"plain","optional":true,"computed":true},"fixed_ip":{"type":"string","description_kind":"plain","optional":true,"computed":true},"id":{"type":"string","description_kind":"plain","optional":true,"computed":true},"pool":{"type":"string","description_kind":"plain","required":true},"port_id":{"type":"string","description_kind":"plain","optional":true,"computed":true},"region":{"type":"string","description_kind":"plain","optional":true,"computed":true},"subnet_id":{"type":"string","description_kind":"plain","optional":true,"computed":true},"subnet_ids":{"type":["list","string"],"description_kind":"plain","optional":true},"tags":{"type":["set","string"],"description_kind":"plain","optional":true},"tenant_id":{"type":"string","description_kind":"plain","optional":true,"computed":true},"value_specs":{"type":["map","string"],"description_kind":"plain","optional":true}},"block_types":{"timeouts":{"nesting_mode":"single","block":{"attributes":{"create":{"type":"string","description_kind":"plain","optional":true},"delete":{"type":"string","description_kind":"plain","optional":true}},"description_kind":"plain"}}},"description_kind":"plain"}},"openstack_networking_network_v2":{"version":0,"block":{"attributes":{"admin_state_up":{"type":"bool","description_kind":"plain","optional":true,"computed":true},"all_tags":{"type":["set","string"],"description_kind":"plain","computed":true},"availability_zone_hints":{"type":["set","string"],"description_kind":"plain","optional":true,"computed":true},"description":{"type":"string","description_kind":"plain","optional":true},"dns_domain":{"type":"string","description_kind":"plain","optional":true,"computed":true},"external":{"type":"bool","description_kind":"plain","optional":true,"computed":true},"id":{"type":"string","description_kind":"plain","optional":true,"computed":true},"mtu":{"type":"number","description_kind":"plain","optional":true,"computed":true},"name":{"type":"string","description_kind":"plain","optional":true},"port_security_enabled":{"type":"bool","description_kind":"plain","optional":true,"computed":true},"qos_policy_id":{"type":"string","description_kind":"plain","optional":true,"computed":true},"region":{"type":"string","description_kind":"plain","optional":true,"computed":true},"shared":{"type":"bool","description_kind":"plain","optional":true,"computed":true},"tags":{"type":["set","string"],"description_kind":"plain","optional":true},"tenant_id":{"type":"string","description_kind":"plain","optional":true,"computed":true},"transparent_vlan":{"type":"bool","description_kind":"plain","optional":true,"computed":true},"value_specs":{"type":["map","string"],"description_kind":"plain","optional":true}},"block_types":{"segments":{"nesting_mode":"set","block":{"attributes":{"network_type":{"type":"string","description_kind":"plain","optional":true},"physical_network":{"type":"string","description_kind":"plain","optional":true},"segmentation_id":{"type":"number","description_kind":"plain","optional":true}},"description_kind":"plain"}},"timeouts":{"nesting_mode":"single","block":{"attributes":{"create":{"type":"string","description_kind":"plain","optional":true},"delete":{"type":"string","description_kind":"plain","optional":true}},"description_kind":"plain"}}},"description_kind":"plain"}},"openstack_networking_port_secgroup_associate_v2":{"version":0,"block":{"attributes":{"all_security_group_ids":{"type":["set","string"],"description_kind":"plain","computed":true},"enforce":{"type":"bool","description_kind":"plain","optional":true},"id":{"type":"string","description_kind":"plain","optional":true,"computed":true},"port_id":{"type":"string","description_kind":"plain","required":true},"region":{"type":"string","description_kind":"plain","optional":true,"computed":true},"security_group_ids":{"type":["set","string"],"description_kind":"plain","required":true}},"description_kind":"plain"}},"openstack_networking_port_v2":{"version":0,"block":{"attributes":{"admin_state_up":{"type":"bool","description_kind":"plain","optional":true,"computed":true},"all_fixed_ips":{"type":["list","string"],"description_kind":"plain","computed":true},"all_security_group_ids":{"type":["set","string"],"description_kind":"plain","computed":true},"all_tags":{"type":["set","string"],"description_kind":"plain","computed":true},"description":{"type":"string","description_kind":"plain","optional":true},"device_id":{"type":"string","description_kind":"plain","optional":true,"computed":true},"device_owner":{"type":"string","description_kind":"plain","optional":true,"computed":true},"dns_assignment":{"type":["list",["map","string"]],"description_kind":"plain","computed":true},"dns_name":{"type":"string","description_kind":"plain","optional":true,"computed":true},"id":{"type":"string","description_kind":"plain","optional":true,"computed":true},"mac_address":{"type":"string","description_kind":"plain","optional":true,"computed":true},"name":{"type":"string","description_kind":"plain","optional":true},"network_id":{"type":"string","description_kind":"plain","required":true},"no_fixed_ip":{"type":"bool","description_kind":"plain","optional":true},"no_security_groups":{"type":"bool","description_kind":"plain","optional":true},"port_security_enabled":{"type":"bool","description_kind":"plain","optional":true,"computed":true},"qos_policy_id":{"type":"string","description_kind":"plain","optional":true,"computed":true},"region":{"type":"string","description_kind":"plain","optional":true,"computed":true},"security_group_ids":{"type":["set","string"],"description_kind":"plain","optional":true},"tags":{"type":["set","string"],"description_kind":"plain","optional":true},"tenant_id":{"type":"string","description_kind":"plain","optional":true,"computed":true},"value_specs":{"type":["map","string"],"description_kind":"plain","optional":true}},"block_types":{"allowed_address_pairs":{"nesting_mode":"set","block":{"attributes":{"ip_address":{"type":"string","description_kind":"plain","required":true},"mac_address":{"type":"string","description_kind":"plain","optional":true}},"description_kind":"plain"}},"binding":{"nesting_mode":"list","block":{"attributes":{"host_id":{"type":"string","description_kind":"plain","optional":true,"computed":true},"profile":{"type":"string","description_kind":"plain","optional":true},"vif_details":{"type":["map","string"],"description_kind":"plain","computed":true},"vif_type":{"type":"string","description_kind":"plain","computed":true},"vnic_type":{"type":"string","description_kind":"plain","optional":true}},"description_kind":"plain"},"max_items":1},"extra_dhcp_option":{"nesting_mode":"set","block":{"attributes":{"ip_version":{"type":"number","description_kind":"plain","optional":true},"name":{"type":"string","description_kind":"plain","required":true},"value":{"type":"string","description_kind":"plain","required":true}},"description_kind":"plain"}},"fixed_ip":{"nesting_mode":"list","block":{"attributes":{"ip_address":{"type":"string","description_kind":"plain","optional":true},"subnet_id":{"type":"string","description_kind":"plain","required":true}},"description_kind":"plain"}},"timeouts":{"nesting_mode":"single","block":{"attributes":{"create":{"type":"string","description_kind":"plain","optional":true},"delete":{"type":"string","description_kind":"plain","optional":true}},"description_kind":"plain"}}},"description_kind":"plain"}},"openstack_networking_portforwarding_v2":{"version":0,"block":{"attributes":{"description":{"type":"string","description_kind":"plain","optional":true},"external_port":{"type":"number","description_kind":"plain","required":true},"floatingip_id":{"type":"string","description_kind":"plain","required":true},"id":{"type":"string","description_kind":"plain","optional":true,"computed":true},"internal_ip_address":{"type":"string","description_kind":"plain","required":true},"internal_port":{"type":"number","description_kind":"plain","required":true},"internal_port_id":{"type":"string","description_kind":"plain","required":true},"protocol":{"type":"string","description_kind":"plain","required":true},"region":{"type":"string","description_kind":"plain","optional":true,"computed":true}},"block_types":{"timeouts":{"nesting_mode":"single","block":{"attributes":{"create":{"type":"string","description_kind":"plain","optional":true},"delete":{"type":"string","description_kind":"plain","optional":true}},"description_kind":"plain"}}},"description_kind":"plain"}},"openstack_networking_qos_bandwidth_limit_rule_v2":{"version":0,"block":{"attributes":{"direction":{"type":"string","description_kind":"plain","optional":true},"id":{"type":"string","description_kind":"plain","optional":true,"computed":true},"max_burst_kbps":{"type":"number","description_kind":"plain","optional":true},"max_kbps":{"type":"number","description_kind":"plain","required":true},"qos_policy_id":{"type":"string","description_kind":"plain","required":true},"region":{"type":"string","description_kind":"plain","optional":true,"computed":true}},"block_types":{"timeouts":{"nesting_mode":"single","block":{"attributes":{"create":{"type":"string","description_kind":"plain","optional":true},"delete":{"type":"string","description_kind":"plain","optional":true}},"description_kind":"plain"}}},"description_kind":"plain"}},"openstack_networking_qos_dscp_marking_rule_v2":{"version":0,"block":{"attributes":{"dscp_mark":{"type":"number","description_kind":"plain","required":true},"id":{"type":"string","description_kind":"plain","optional":true,"computed":true},"qos_policy_id":{"type":"string","description_kind":"plain","required":true},"region":{"type":"string","description_kind":"plain","optional":true,"computed":true}},"block_types":{"timeouts":{"nesting_mode":"single","block":{"attributes":{"create":{"type":"string","description_kind":"plain","optional":true},"delete":{"type":"string","description_kind":"plain","optional":true}},"description_kind":"plain"}}},"description_kind":"plain"}},"openstack_networking_qos_minimum_bandwidth_rule_v2":{"version":0,"block":{"attributes":{"direction":{"type":"string","description_kind":"plain","optional":true},"id":{"type":"string","description_kind":"plain","optional":true,"computed":true},"min_kbps":{"type":"number","description_kind":"plain","required":true},"qos_policy_id":{"type":"string","description_kind":"plain","required":true},"region":{"type":"string","description_kind":"plain","optional":true,"computed":true}},"block_types":{"timeouts":{"nesting_mode":"single","block":{"attributes":{"create":{"type":"string","description_kind":"plain","optional":true},"delete":{"type":"string","description_kind":"plain","optional":true}},"description_kind":"plain"}}},"description_kind":"plain"}},"openstack_networking_qos_policy_v2":{"version":0,"block":{"attributes":{"all_tags":{"type":["set","string"],"description_kind":"plain","computed":true},"created_at":{"type":"string","description_kind":"plain","computed":true},"description":{"type":"string","description_kind":"plain","optional":true},"id":{"type":"string","description_kind":"plain","optional":true,"computed":true},"is_default":{"type":"bool","description_kind":"plain","optional":true},"name":{"type":"string","description_kind":"plain","optional":true},"project_id":{"type":"string","description_kind":"plain","optional":true,"computed":true},"region":{"type":"string","description_kind":"plain","optional":true,"computed":true},"revision_number":{"type":"number","description_kind":"plain","computed":true},"shared":{"type":"bool","description_kind":"plain","optional":true},"tags":{"type":["set","string"],"description_kind":"plain","optional":true},"updated_at":{"type":"string","description_kind":"plain","computed":true},"value_specs":{"type":["map","string"],"description_kind":"plain","optional":true}},"block_types":{"timeouts":{"nesting_mode":"single","block":{"attributes":{"create":{"type":"string","description_kind":"plain","optional":true},"delete":{"type":"string","description_kind":"plain","optional":true}},"description_kind":"plain"}}},"description_kind":"plain"}},"openstack_networking_quota_v2":{"version":0,"block":{"attributes":{"floatingip":{"type":"number","description_kind":"plain","optional":true,"computed":true},"id":{"type":"string","description_kind":"plain","optional":true,"computed":true},"network":{"type":"number","description_kind":"plain","optional":true,"computed":true},"port":{"type":"number","description_kind":"plain","optional":true,"computed":true},"project_id":{"type":"string","description_kind":"plain","required":true},"rbac_policy":{"type":"number","description_kind":"plain","optional":true,"computed":true},"region":{"type":"string","description_kind":"plain","optional":true,"computed":true},"router":{"type":"number","description_kind":"plain","optional":true,"computed":true},"security_group":{"type":"number","description_kind":"plain","optional":true,"computed":true},"security_group_rule":{"type":"number","description_kind":"plain","optional":true,"computed":true},"subnet":{"type":"number","description_kind":"plain","optional":true,"computed":true},"subnetpool":{"type":"number","description_kind":"plain","optional":true,"computed":true}},"block_types":{"timeouts":{"nesting_mode":"single","block":{"attributes":{"create":{"type":"string","description_kind":"plain","optional":true},"delete":{"type":"string","description_kind":"plain","optional":true},"update":{"type":"string","description_kind":"plain","optional":true}},"description_kind":"plain"}}},"description_kind":"plain"}},"openstack_networking_rbac_policy_v2":{"version":0,"block":{"attributes":{"action":{"type":"string","description_kind":"plain","required":true},"id":{"type":"string","description_kind":"plain","optional":true,"computed":true},"object_id":{"type":"string","description_kind":"plain","required":true},"object_type":{"type":"string","description_kind":"plain","required":true},"project_id":{"type":"string","description_kind":"plain","computed":true},"region":{"type":"string","description_kind":"plain","optional":true,"computed":true},"target_tenant":{"type":"string","description_kind":"plain","required":true}},"description_kind":"plain"}},"openstack_networking_router_interface_v2":{"version":0,"block":{"attributes":{"force_destroy":{"type":"bool","description_kind":"plain","optional":true},"id":{"type":"string","description_kind":"plain","optional":true,"computed":true},"port_id":{"type":"string","description_kind":"plain","optional":true,"computed":true},"region":{"type":"string","description_kind":"plain","optional":true,"computed":true},"router_id":{"type":"string","description_kind":"plain","required":true},"subnet_id":{"type":"string","description_kind":"plain","optional":true,"computed":true}},"block_types":{"timeouts":{"nesting_mode":"single","block":{"attributes":{"create":{"type":"string","description_kind":"plain","optional":true},"delete":{"type":"string","description_kind":"plain","optional":true}},"description_kind":"plain"}}},"description_kind":"plain"}},"openstack_networking_router_route_v2":{"version":0,"block":{"attributes":{"destination_cidr":{"type":"string","description_kind":"plain","required":true},"id":{"type":"string","description_kind":"plain","optional":true,"computed":true},"next_hop":{"type":"string","description_kind":"plain","required":true},"region":{"type":"string","description_kind":"plain","optional":true,"computed":true},"router_id":{"type":"string","description_kind":"plain","required":true}},"description_kind":"plain"}},"openstack_networking_router_v2":{"version":0,"block":{"attributes":{"admin_state_up":{"type":"bool","description_kind":"plain","optional":true,"computed":true},"all_tags":{"type":["set","string"],"description_kind":"plain","computed":true},"availability_zone_hints":{"type":["list","string"],"description_kind":"plain","optional":true,"computed":true},"description":{"type":"string","description_kind":"plain","optional":true},"distributed":{"type":"bool","description_kind":"plain","optional":true,"computed":true},"enable_snat":{"type":"bool","description_kind":"plain","optional":true,"computed":true},"external_gateway":{"type":"string","description_kind":"plain","deprecated":true,"optional":true,"computed":true},"external_network_id":{"type":"string","description_kind":"plain","optional":true,"computed":true},"external_subnet_ids":{"type":["list","string"],"description_kind":"plain","optional":true},"id":{"type":"string","description_kind":"plain","optional":true,"computed":true},"name":{"type":"string","description_kind":"plain","optional":true},"region":{"type":"string","description_kind":"plain","optional":true,"computed":true},"tags":{"type":["set","string"],"description_kind":"plain","optional":true},"tenant_id":{"type":"string","description_kind":"plain","optional":true,"computed":true},"value_specs":{"type":["map","string"],"description_kind":"plain","optional":true}},"block_types":{"external_fixed_ip":{"nesting_mode":"list","block":{"attributes":{"ip_address":{"type":"string","description_kind":"plain","optional":true,"computed":true},"subnet_id":{"type":"string","description_kind":"plain","optional":true}},"description_kind":"plain"}},"timeouts":{"nesting_mode":"single","block":{"attributes":{"create":{"type":"string","description_kind":"plain","optional":true},"delete":{"type":"string","description_kind":"plain","optional":true}},"description_kind":"plain"}},"vendor_options":{"nesting_mode":"set","block":{"attributes":{"set_router_gateway_after_create":{"type":"bool","description_kind":"plain","optional":true}},"description_kind":"plain"},"max_items":1}},"description_kind":"plain"}},"openstack_networking_secgroup_rule_v2":{"version":0,"block":{"attributes":{"description":{"type":"string","description_kind":"plain","optional":true},"direction":{"type":"string","description_kind":"plain","required":true},"ethertype":{"type":"string","description_kind":"plain","required":true},"id":{"type":"string","description_kind":"plain","optional":true,"computed":true},"port_range_max":{"type":"number","description_kind":"plain","optional":true,"computed":true},"port_range_min":{"type":"number","description_kind":"plain","optional":true,"computed":true},"protocol":{"type":"string","description_kind":"plain","optional":true,"computed":true},"region":{"type":"string","description_kind":"plain","optional":true,"computed":true},"remote_group_id":{"type":"string","description_kind":"plain","optional":true,"computed":true},"remote_ip_prefix":{"type":"string","description_kind":"plain","optional":true,"computed":true},"security_group_id":{"type":"string","description_kind":"plain","required":true},"tenant_id":{"type":"string","description_kind":"plain","optional":true,"computed":true}},"block_types":{"timeouts":{"nesting_mode":"single","block":{"attributes":{"delete":{"type":"string","description_kind":"plain","optional":true}},"description_kind":"plain"}}},"description_kind":"plain"}},"openstack_networking_secgroup_v2":{"version":0,"block":{"attributes":{"all_tags":{"type":["set","string"],"description_kind":"plain","computed":true},"delete_default_rules":{"type":"bool","description_kind":"plain","optional":true},"description":{"type":"string","description_kind":"plain","optional":true,"computed":true},"id":{"type":"string","description_kind":"plain","optional":true,"computed":true},"name":{"type":"string","description_kind":"plain","required":true},"region":{"type":"string","description_kind":"plain","optional":true,"computed":true},"tags":{"type":["set","string"],"description_kind":"plain","optional":true},"tenant_id":{"type":"string","description_kind":"plain","optional":true,"computed":true}},"block_types":{"timeouts":{"nesting_mode":"single","block":{"attributes":{"delete":{"type":"string","description_kind":"plain","optional":true}},"description_kind":"plain"}}},"description_kind":"plain"}},"openstack_networking_subnet_route_v2":{"version":0,"block":{"attributes":{"destination_cidr":{"type":"string","description_kind":"plain","required":true},"id":{"type":"string","description_kind":"plain","optional":true,"computed":true},"next_hop":{"type":"string","description_kind":"plain","required":true},"region":{"type":"string","description_kind":"plain","optional":true,"computed":true},"subnet_id":{"type":"string","description_kind":"plain","required":true}},"description_kind":"plain"}},"openstack_networking_subnet_v2":{"version":0,"block":{"attributes":{"all_tags":{"type":["set","string"],"description_kind":"plain","computed":true},"cidr":{"type":"string","description_kind":"plain","optional":true,"computed":true},"description":{"type":"string","description_kind":"plain","optional":true},"dns_nameservers":{"type":["list","string"],"description_kind":"plain","optional":true},"enable_dhcp":{"type":"bool","description_kind":"plain","optional":true},"gateway_ip":{"type":"string","description_kind":"plain","optional":true,"computed":true},"id":{"type":"string","description_kind":"plain","optional":true,"computed":true},"ip_version":{"type":"number","description_kind":"plain","optional":true},"ipv6_address_mode":{"type":"string","description_kind":"plain","optional":true,"computed":true},"ipv6_ra_mode":{"type":"string","description_kind":"plain","optional":true,"computed":true},"name":{"type":"string","description_kind":"plain","optional":true},"network_id":{"type":"string","description_kind":"plain","required":true},"no_gateway":{"type":"bool","description_kind":"plain","optional":true},"prefix_length":{"type":"number","description_kind":"plain","optional":true},"region":{"type":"string","description_kind":"plain","optional":true,"computed":true},"service_types":{"type":["list","string"],"description_kind":"plain","optional":true,"computed":true},"subnetpool_id":{"type":"string","description_kind":"plain","optional":true},"tags":{"type":["set","string"],"description_kind":"plain","optional":true},"tenant_id":{"type":"string","description_kind":"plain","optional":true,"computed":true},"value_specs":{"type":["map","string"],"description_kind":"plain","optional":true}},"block_types":{"allocation_pool":{"nesting_mode":"set","block":{"attributes":{"end":{"type":"string","description_kind":"plain","required":true},"start":{"type":"string","description_kind":"plain","required":true}},"description_kind":"plain"}},"allocation_pools":{"nesting_mode":"list","block":{"attributes":{"end":{"type":"string","description_kind":"plain","required":true},"start":{"type":"string","description_kind":"plain","required":true}},"description_kind":"plain","deprecated":true}},"host_routes":{"nesting_mode":"list","block":{"attributes":{"destination_cidr":{"type":"string","description_kind":"plain","required":true},"next_hop":{"type":"string","description_kind":"plain","required":true}},"description_kind":"plain","deprecated":true}},"timeouts":{"nesting_mode":"single","block":{"attributes":{"create":{"type":"string","description_kind":"plain","optional":true},"delete":{"type":"string","description_kind":"plain","optional":true}},"description_kind":"plain"}}},"description_kind":"plain"}},"openstack_networking_subnetpool_v2":{"version":0,"block":{"attributes":{"address_scope_id":{"type":"string","description_kind":"plain","optional":true},"all_tags":{"type":["set","string"],"description_kind":"plain","computed":true},"created_at":{"type":"string","description_kind":"plain","computed":true},"default_prefixlen":{"type":"number","description_kind":"plain","optional":true,"computed":true},"default_quota":{"type":"number","description_kind":"plain","optional":true},"description":{"type":"string","description_kind":"plain","optional":true},"id":{"type":"string","description_kind":"plain","optional":true,"computed":true},"ip_version":{"type":"number","description_kind":"plain","optional":true,"computed":true},"is_default":{"type":"bool","description_kind":"plain","optional":true},"max_prefixlen":{"type":"number","description_kind":"plain","optional":true,"computed":true},"min_prefixlen":{"type":"number","description_kind":"plain","optional":true,"computed":true},"name":{"type":"string","description_kind":"plain","required":true},"prefixes":{"type":["list","string"],"description_kind":"plain","required":true},"project_id":{"type":"string","description_kind":"plain","optional":true,"computed":true},"region":{"type":"string","description_kind":"plain","optional":true,"computed":true},"revision_number":{"type":"number","description_kind":"plain","computed":true},"shared":{"type":"bool","description_kind":"plain","optional":true},"tags":{"type":["set","string"],"description_kind":"plain","optional":true},"updated_at":{"type":"string","description_kind":"plain","computed":true},"value_specs":{"type":["map","string"],"description_kind":"plain","optional":true}},"block_types":{"timeouts":{"nesting_mode":"single","block":{"attributes":{"create":{"type":"string","description_kind":"plain","optional":true},"delete":{"type":"string","description_kind":"plain","optional":true}},"description_kind":"plain"}}},"description_kind":"plain"}},"openstack_networking_trunk_v2":{"version":0,"block":{"attributes":{"admin_state_up":{"type":"bool","description_kind":"plain","optional":true},"all_tags":{"type":["set","string"],"description_kind":"plain","computed":true},"description":{"type":"string","description_kind":"plain","optional":true},"id":{"type":"string","description_kind":"plain","optional":true,"computed":true},"name":{"type":"string","description_kind":"plain","optional":true},"port_id":{"type":"string","description_kind":"plain","required":true},"region":{"type":"string","description_kind":"plain","optional":true,"computed":true},"tags":{"type":["set","string"],"description_kind":"plain","optional":true},"tenant_id":{"type":"string","description_kind":"plain","optional":true,"computed":true}},"block_types":{"sub_port":{"nesting_mode":"set","block":{"attributes":{"port_id":{"type":"string","description_kind":"plain","required":true},"segmentation_id":{"type":"number","description_kind":"plain","required":true},"segmentation_type":{"type":"string","description_kind":"plain","required":true}},"description_kind":"plain"}},"timeouts":{"nesting_mode":"single","block":{"attributes":{"create":{"type":"string","description_kind":"plain","optional":true},"delete":{"type":"string","description_kind":"plain","optional":true}},"description_kind":"plain"}}},"description_kind":"plain"}},"openstack_objectstorage_container_v1":{"version":1,"block":{"attributes":{"container_read":{"type":"string","description_kind":"plain","optional":true},"container_sync_key":{"type":"string","description_kind":"plain","optional":true},"container_sync_to":{"type":"string","description_kind":"plain","optional":true},"container_write":{"type":"string","description_kind":"plain","optional":true},"content_type":{"type":"string","description_kind":"plain","optional":true},"force_destroy":{"type":"bool","description_kind":"plain","optional":true},"id":{"type":"string","description_kind":"plain","optional":true,"computed":true},"metadata":{"type":["map","string"],"description_kind":"plain","optional":true},"name":{"type":"string","description_kind":"plain","required":true},"region":{"type":"string","description_kind":"plain","optional":true,"computed":true},"storage_policy":{"type":"string","description_kind":"plain","optional":true,"computed":true},"versioning":{"type":"bool","description_kind":"plain","optional":true}},"block_types":{"versioning_legacy":{"nesting_mode":"set","block":{"attributes":{"location":{"type":"string","description_kind":"plain","required":true},"type":{"type":"string","description_kind":"plain","required":true}},"description_kind":"plain","deprecated":true},"max_items":1}},"description_kind":"plain"}},"openstack_objectstorage_object_v1":{"version":0,"block":{"attributes":{"container_name":{"type":"string","description_kind":"plain","required":true},"content":{"type":"string","description_kind":"plain","optional":true},"content_disposition":{"type":"string","description_kind":"plain","optional":true,"computed":true},"content_encoding":{"type":"string","description_kind":"plain","optional":true,"computed":true},"content_length":{"type":"number","description_kind":"plain","computed":true},"content_type":{"type":"string","description_kind":"plain","optional":true,"computed":true},"copy_from":{"type":"string","description_kind":"plain","optional":true},"date":{"type":"string","description_kind":"plain","computed":true},"delete_after":{"type":"number","description_kind":"plain","optional":true},"delete_at":{"type":"string","description_kind":"plain","optional":true,"computed":true},"detect_content_type":{"type":"bool","description_kind":"plain","optional":true},"etag":{"type":"string","description_kind":"plain","optional":true,"computed":true},"id":{"type":"string","description_kind":"plain","optional":true,"computed":true},"last_modified":{"type":"string","description_kind":"plain","computed":true},"metadata":{"type":["map","string"],"description_kind":"plain","optional":true},"name":{"type":"string","description_kind":"plain","required":true},"object_manifest":{"type":"string","description_kind":"plain","optional":true,"computed":true},"region":{"type":"string","description_kind":"plain","optional":true,"computed":true},"source":{"type":"string","description_kind":"plain","optional":true},"trans_id":{"type":"string","description_kind":"plain","computed":true}},"description_kind":"plain"}},"openstack_objectstorage_tempurl_v1":{"version":0,"block":{"attributes":{"container":{"type":"string","description_kind":"plain","required":true},"id":{"type":"string","description_kind":"plain","optional":true,"computed":true},"method":{"type":"string","description_kind":"plain","optional":true},"object":{"type":"string","description_kind":"plain","required":true},"regenerate":{"type":"bool","description_kind":"plain","optional":true},"region":{"type":"string","description_kind":"plain","optional":true,"computed":true},"split":{"type":"string","description_kind":"plain","optional":true},"ttl":{"type":"number","description_kind":"plain","required":true},"url":{"type":"string","description_kind":"plain","computed":true,"sensitive":true}},"description_kind":"plain"}},"openstack_orchestration_stack_v1":{"version":0,"block":{"attributes":{"capabilities":{"type":["list","string"],"description_kind":"plain","optional":true,"computed":true},"creation_time":{"type":"string","description_kind":"plain","optional":true,"computed":true},"description":{"type":"string","description_kind":"plain","optional":true,"computed":true},"disable_rollback":{"type":"bool","description_kind":"plain","optional":true,"computed":true},"environment_opts":{"type":["map","string"],"description_kind":"plain","optional":true},"id":{"type":"string","description_kind":"plain","optional":true,"computed":true},"name":{"type":"string","description_kind":"plain","required":true},"notification_topics":{"type":["list","string"],"description_kind":"plain","optional":true,"computed":true},"parameters":{"type":["map","string"],"description_kind":"plain","optional":true},"region":{"type":"string","description_kind":"plain","optional":true,"computed":true},"status":{"type":"string","description_kind":"plain","optional":true,"computed":true},"status_reason":{"type":"string","description_kind":"plain","optional":true,"computed":true},"tags":{"type":["list","string"],"description_kind":"plain","optional":true,"computed":true},"template_description":{"type":"string","description_kind":"plain","optional":true,"computed":true},"template_opts":{"type":["map","string"],"description_kind":"plain","required":true},"timeout":{"type":"number","description_kind":"plain","optional":true,"computed":true},"updated_time":{"type":"string","description_kind":"plain","optional":true,"computed":true}},"block_types":{"outputs":{"nesting_mode":"list","block":{"attributes":{"description":{"type":"string","description_kind":"plain","optional":true,"computed":true},"output_key":{"type":"string","description_kind":"plain","required":true},"output_value":{"type":"string","description_kind":"plain","required":true}},"description_kind":"plain"}},"timeouts":{"nesting_mode":"single","block":{"attributes":{"create":{"type":"string","description_kind":"plain","optional":true},"delete":{"type":"string","description_kind":"plain","optional":true},"update":{"type":"string","description_kind":"plain","optional":true}},"description_kind":"plain"}}},"description_kind":"plain"}},"openstack_sharedfilesystem_securityservice_v2":{"version":0,"block":{"attributes":{"description":{"type":"string","description_kind":"plain","optional":true},"dns_ip":{"type":"string","description_kind":"plain","optional":true},"domain":{"type":"string","description_kind":"plain","optional":true},"id":{"type":"string","description_kind":"plain","optional":true,"computed":true},"name":{"type":"string","description_kind":"plain","optional":true},"ou":{"type":"string","description_kind":"plain","optional":true},"password":{"type":"string","description_kind":"plain","optional":true,"sensitive":true},"project_id":{"type":"string","description_kind":"plain","computed":true},"region":{"type":"string","description_kind":"plain","optional":true,"computed":true},"server":{"type":"string","description_kind":"plain","optional":true},"type":{"type":"string","description_kind":"plain","required":true},"user":{"type":"string","description_kind":"plain","optional":true}},"block_types":{"timeouts":{"nesting_mode":"single","block":{"attributes":{"create":{"type":"string","description_kind":"plain","optional":true},"delete":{"type":"string","description_kind":"plain","optional":true},"update":{"type":"string","description_kind":"plain","optional":true}},"description_kind":"plain"}}},"description_kind":"plain"}},"openstack_sharedfilesystem_share_access_v2":{"version":0,"block":{"attributes":{"access_key":{"type":"string","description_kind":"plain","computed":true,"sensitive":true},"access_level":{"type":"string","description_kind":"plain","required":true},"access_to":{"type":"string","description_kind":"plain","required":true},"access_type":{"type":"string","description_kind":"plain","required":true},"id":{"type":"string","description_kind":"plain","optional":true,"computed":true},"region":{"type":"string","description_kind":"plain","optional":true,"computed":true},"share_id":{"type":"string","description_kind":"plain","required":true},"state":{"type":"string","description_kind":"plain","computed":true}},"block_types":{"timeouts":{"nesting_mode":"single","block":{"attributes":{"create":{"type":"string","description_kind":"plain","optional":true},"delete":{"type":"string","description_kind":"plain","optional":true},"update":{"type":"string","description_kind":"plain","optional":true}},"description_kind":"plain"}}},"description_kind":"plain"}},"openstack_sharedfilesystem_share_v2":{"version":0,"block":{"attributes":{"all_metadata":{"type":["map","string"],"description_kind":"plain","computed":true},"availability_zone":{"type":"string","description_kind":"plain","optional":true,"computed":true},"description":{"type":"string","description_kind":"plain","optional":true},"export_locations":{"type":["list",["object",{"path":"string","preferred":"string"}]],"description_kind":"plain","computed":true},"has_replicas":{"type":"bool","description_kind":"plain","computed":true},"host":{"type":"string","description_kind":"plain","computed":true},"id":{"type":"string","description_kind":"plain","optional":true,"computed":true},"is_public":{"type":"bool","description_kind":"plain","optional":true},"metadata":{"type":["map","string"],"description_kind":"plain","optional":true},"name":{"type":"string","description_kind":"plain","required":true},"project_id":{"type":"string","description_kind":"plain","computed":true},"region":{"type":"string","description_kind":"plain","optional":true,"computed":true},"replication_type":{"type":"string","description_kind":"plain","computed":true},"share_network_id":{"type":"string","description_kind":"plain","optional":true,"computed":true},"share_proto":{"type":"string","description_kind":"plain","required":true},"share_server_id":{"type":"string","description_kind":"plain","computed":true},"share_type":{"type":"string","description_kind":"plain","optional":true,"computed":true},"size":{"type":"number","description_kind":"plain","required":true},"snapshot_id":{"type":"string","description_kind":"plain","optional":true}},"block_types":{"timeouts":{"nesting_mode":"single","block":{"attributes":{"create":{"type":"string","description_kind":"plain","optional":true},"delete":{"type":"string","description_kind":"plain","optional":true},"update":{"type":"string","description_kind":"plain","optional":true}},"description_kind":"plain"}}},"description_kind":"plain"}},"openstack_sharedfilesystem_sharenetwork_v2":{"version":0,"block":{"attributes":{"cidr":{"type":"string","description_kind":"plain","computed":true},"description":{"type":"string","description_kind":"plain","optional":true},"id":{"type":"string","description_kind":"plain","optional":true,"computed":true},"ip_version":{"type":"number","description_kind":"plain","computed":true},"name":{"type":"string","description_kind":"plain","optional":true},"network_type":{"type":"string","description_kind":"plain","computed":true},"neutron_net_id":{"type":"string","description_kind":"plain","required":true},"neutron_subnet_id":{"type":"string","description_kind":"plain","required":true},"project_id":{"type":"string","description_kind":"plain","computed":true},"region":{"type":"string","description_kind":"plain","optional":true,"computed":true},"security_service_ids":{"type":["set","string"],"description_kind":"plain","optional":true},"segmentation_id":{"type":"number","description_kind":"plain","computed":true}},"block_types":{"timeouts":{"nesting_mode":"single","block":{"attributes":{"create":{"type":"string","description_kind":"plain","optional":true},"delete":{"type":"string","description_kind":"plain","optional":true},"update":{"type":"string","description_kind":"plain","optional":true}},"description_kind":"plain"}}},"description_kind":"plain"}},"openstack_vpnaas_endpoint_group_v2":{"version":0,"block":{"attributes":{"description":{"type":"string","description_kind":"plain","optional":true},"endpoints":{"type":["set","string"],"description_kind":"plain","optional":true},"id":{"type":"string","description_kind":"plain","optional":true,"computed":true},"name":{"type":"string","description_kind":"plain","optional":true},"region":{"type":"string","description_kind":"plain","optional":true,"computed":true},"tenant_id":{"type":"string","description_kind":"plain","optional":true,"computed":true},"type":{"type":"string","description_kind":"plain","optional":true,"computed":true},"value_specs":{"type":["map","string"],"description_kind":"plain","optional":true}},"block_types":{"timeouts":{"nesting_mode":"single","block":{"attributes":{"create":{"type":"string","description_kind":"plain","optional":true},"delete":{"type":"string","description_kind":"plain","optional":true},"update":{"type":"string","description_kind":"plain","optional":true}},"description_kind":"plain"}}},"description_kind":"plain"}},"openstack_vpnaas_ike_policy_v2":{"version":0,"block":{"attributes":{"auth_algorithm":{"type":"string","description_kind":"plain","optional":true},"description":{"type":"string","description_kind":"plain","optional":true},"encryption_algorithm":{"type":"string","description_kind":"plain","optional":true},"id":{"type":"string","description_kind":"plain","optional":true,"computed":true},"ike_version":{"type":"string","description_kind":"plain","optional":true},"name":{"type":"string","description_kind":"plain","optional":true},"pfs":{"type":"string","description_kind":"plain","optional":true},"phase1_negotiation_mode":{"type":"string","description_kind":"plain","optional":true},"region":{"type":"string","description_kind":"plain","optional":true,"computed":true},"tenant_id":{"type":"string","description_kind":"plain","optional":true,"computed":true},"value_specs":{"type":["map","string"],"description_kind":"plain","optional":true}},"block_types":{"lifetime":{"nesting_mode":"set","block":{"attributes":{"units":{"type":"string","description_kind":"plain","optional":true,"computed":true},"value":{"type":"number","description_kind":"plain","optional":true,"computed":true}},"description_kind":"plain"}},"timeouts":{"nesting_mode":"single","block":{"attributes":{"create":{"type":"string","description_kind":"plain","optional":true}},"description_kind":"plain"}}},"description_kind":"plain"}},"openstack_vpnaas_ipsec_policy_v2":{"version":0,"block":{"attributes":{"auth_algorithm":{"type":"string","description_kind":"plain","optional":true,"computed":true},"description":{"type":"string","description_kind":"plain","optional":true},"encapsulation_mode":{"type":"string","description_kind":"plain","optional":true,"computed":true},"encryption_algorithm":{"type":"string","description_kind":"plain","optional":true,"computed":true},"id":{"type":"string","description_kind":"plain","optional":true,"computed":true},"name":{"type":"string","description_kind":"plain","optional":true},"pfs":{"type":"string","description_kind":"plain","optional":true,"computed":true},"region":{"type":"string","description_kind":"plain","optional":true,"computed":true},"tenant_id":{"type":"string","description_kind":"plain","optional":true,"computed":true},"transform_protocol":{"type":"string","description_kind":"plain","optional":true,"computed":true},"value_specs":{"type":["map","string"],"description_kind":"plain","optional":true}},"block_types":{"lifetime":{"nesting_mode":"set","block":{"attributes":{"units":{"type":"string","description_kind":"plain","optional":true,"computed":true},"value":{"type":"number","description_kind":"plain","optional":true,"computed":true}},"description_kind":"plain"}},"timeouts":{"nesting_mode":"single","block":{"attributes":{"create":{"type":"string","description_kind":"plain","optional":true}},"description_kind":"plain"}}},"description_kind":"plain"}},"openstack_vpnaas_service_v2":{"version":0,"block":{"attributes":{"admin_state_up":{"type":"bool","description_kind":"plain","optional":true},"description":{"type":"string","description_kind":"plain","optional":true},"external_v4_ip":{"type":"string","description_kind":"plain","computed":true},"external_v6_ip":{"type":"string","description_kind":"plain","computed":true},"id":{"type":"string","description_kind":"plain","optional":true,"computed":true},"name":{"type":"string","description_kind":"plain","optional":true},"region":{"type":"string","description_kind":"plain","optional":true,"computed":true},"router_id":{"type":"string","description_kind":"plain","required":true},"status":{"type":"string","description_kind":"plain","computed":true},"subnet_id":{"type":"string","description_kind":"plain","optional":true},"tenant_id":{"type":"string","description_kind":"plain","optional":true,"computed":true},"value_specs":{"type":["map","string"],"description_kind":"plain","optional":true}},"block_types":{"timeouts":{"nesting_mode":"single","block":{"attributes":{"create":{"type":"string","description_kind":"plain","optional":true},"delete":{"type":"string","description_kind":"plain","optional":true},"update":{"type":"string","description_kind":"plain","optional":true}},"description_kind":"plain"}}},"description_kind":"plain"}},"openstack_vpnaas_site_connection_v2":{"version":0,"block":{"attributes":{"admin_state_up":{"type":"bool","description_kind":"plain","optional":true},"description":{"type":"string","description_kind":"plain","optional":true},"id":{"type":"string","description_kind":"plain","optional":true,"computed":true},"ikepolicy_id":{"type":"string","description_kind":"plain","required":true},"initiator":{"type":"string","description_kind":"plain","optional":true,"computed":true},"ipsecpolicy_id":{"type":"string","description_kind":"plain","required":true},"local_ep_group_id":{"type":"string","description_kind":"plain","optional":true},"local_id":{"type":"string","description_kind":"plain","optional":true},"mtu":{"type":"number","description_kind":"plain","optional":true,"computed":true},"name":{"type":"string","description_kind":"plain","optional":true},"peer_address":{"type":"string","description_kind":"plain","required":true},"peer_cidrs":{"type":["list","string"],"description_kind":"plain","optional":true},"peer_ep_group_id":{"type":"string","description_kind":"plain","optional":true},"peer_id":{"type":"string","description_kind":"plain","required":true},"psk":{"type":"string","description_kind":"plain","required":true},"region":{"type":"string","description_kind":"plain","optional":true,"computed":true},"tenant_id":{"type":"string","description_kind":"plain","optional":true,"computed":true},"value_specs":{"type":["map","string"],"description_kind":"plain","optional":true},"vpnservice_id":{"type":"string","description_kind":"plain","required":true}},"block_types":{"dpd":{"nesting_mode":"set","block":{"attributes":{"action":{"type":"string","description_kind":"plain","optional":true,"computed":true},"interval":{"type":"number","description_kind":"plain","optional":true,"computed":true},"timeout":{"type":"number","description_kind":"plain","optional":true,"computed":true}},"description_kind":"plain"}},"timeouts":{"nesting_mode":"single","block":{"attributes":{"create":{"type":"string","description_kind":"plain","optional":true},"delete":{"type":"string","description_kind":"plain","optional":true},"update":{"type":"string","description_kind":"plain","optional":true}},"description_kind":"plain"}}},"description_kind":"plain"}}},"data_source_schemas":{"openstack_blockstorage_availability_zones_v3":{"version":0,"block":{"attributes":{"id":{"type":"string","description_kind":"plain","optional":true,"computed":true},"names":{"type":["list","string"],"description_kind":"plain","computed":true},"region":{"type":"string","description_kind":"plain","optional":true,"computed":true},"state":{"type":"string","description_kind":"plain","optional":true}},"description_kind":"plain"}},"openstack_blockstorage_quotaset_v3":{"version":0,"block":{"attributes":{"backup_gigabytes":{"type":"number","description_kind":"plain","computed":true},"backups":{"type":"number","description_kind":"plain","computed":true},"gigabytes":{"type":"number","description_kind":"plain","computed":true},"groups":{"type":"number","description_kind":"plain","computed":true},"id":{"type":"string","description_kind":"plain","optional":true,"computed":true},"per_volume_gigabytes":{"type":"number","description_kind":"plain","computed":true},"project_id":{"type":"string","description_kind":"plain","required":true},"region":{"type":"string","description_kind":"plain","optional":true,"computed":true},"snapshots":{"type":"number","description_kind":"plain","computed":true},"volume_type_quota":{"type":["map","string"],"description_kind":"plain","computed":true},"volumes":{"type":"number","description_kind":"plain","computed":true}},"description_kind":"plain"}},"openstack_blockstorage_snapshot_v2":{"version":0,"block":{"attributes":{"description":{"type":"string","description_kind":"plain","computed":true},"id":{"type":"string","description_kind":"plain","optional":true,"computed":true},"metadata":{"type":["map","string"],"description_kind":"plain","computed":true},"most_recent":{"type":"bool","description_kind":"plain","optional":true},"name":{"type":"string","description_kind":"plain","optional":true,"computed":true},"region":{"type":"string","description_kind":"plain","optional":true,"computed":true},"size":{"type":"number","description_kind":"plain","computed":true},"status":{"type":"string","description_kind":"plain","optional":true,"computed":true},"volume_id":{"type":"string","description_kind":"plain","optional":true,"computed":true}},"description_kind":"plain"}},"openstack_blockstorage_snapshot_v3":{"version":0,"block":{"attributes":{"description":{"type":"string","description_kind":"plain","computed":true},"id":{"type":"string","description_kind":"plain","optional":true,"computed":true},"metadata":{"type":["map","string"],"description_kind":"plain","computed":true},"most_recent":{"type":"bool","description_kind":"plain","optional":true},"name":{"type":"string","description_kind":"plain","optional":true,"computed":true},"region":{"type":"string","description_kind":"plain","optional":true,"computed":true},"size":{"type":"number","description_kind":"plain","computed":true},"status":{"type":"string","description_kind":"plain","optional":true,"computed":true},"volume_id":{"type":"string","description_kind":"plain","optional":true,"computed":true}},"description_kind":"plain"}},"openstack_blockstorage_volume_v2":{"version":0,"block":{"attributes":{"bootable":{"type":"string","description_kind":"plain","optional":true,"computed":true},"id":{"type":"string","description_kind":"plain","optional":true,"computed":true},"metadata":{"type":["map","string"],"description_kind":"plain","optional":true,"computed":true},"name":{"type":"string","description_kind":"plain","optional":true,"computed":true},"region":{"type":"string","description_kind":"plain","optional":true,"computed":true},"size":{"type":"number","description_kind":"plain","computed":true},"source_volume_id":{"type":"string","description_kind":"plain","computed":true},"status":{"type":"string","description_kind":"plain","optional":true,"computed":true},"volume_type":{"type":"string","description_kind":"plain","optional":true,"computed":true}},"description_kind":"plain"}},"openstack_blockstorage_volume_v3":{"version":0,"block":{"attributes":{"bootable":{"type":"string","description_kind":"plain","optional":true,"computed":true},"host":{"type":"string","description_kind":"plain","optional":true,"computed":true},"id":{"type":"string","description_kind":"plain","optional":true,"computed":true},"metadata":{"type":["map","string"],"description_kind":"plain","optional":true,"computed":true},"multiattach":{"type":"bool","description_kind":"plain","computed":true},"name":{"type":"string","description_kind":"plain","optional":true,"computed":true},"region":{"type":"string","description_kind":"plain","optional":true,"computed":true},"size":{"type":"number","description_kind":"plain","computed":true},"source_volume_id":{"type":"string","description_kind":"plain","computed":true},"status":{"type":"string","description_kind":"plain","optional":true,"computed":true},"volume_type":{"type":"string","description_kind":"plain","optional":true,"computed":true}},"description_kind":"plain"}},"openstack_compute_aggregate_v2":{"version":0,"block":{"attributes":{"hosts":{"type":["set","string"],"description_kind":"plain","optional":true,"computed":true},"id":{"type":"string","description_kind":"plain","optional":true,"computed":true},"metadata":{"type":["map","string"],"description_kind":"plain","optional":true,"computed":true},"name":{"type":"string","description_kind":"plain","required":true},"zone":{"type":"string","description_kind":"plain","computed":true}},"description_kind":"plain"}},"openstack_compute_availability_zones_v2":{"version":0,"block":{"attributes":{"id":{"type":"string","description_kind":"plain","optional":true,"computed":true},"names":{"type":["list","string"],"description_kind":"plain","computed":true},"region":{"type":"string","description_kind":"plain","optional":true,"computed":true},"state":{"type":"string","description_kind":"plain","optional":true}},"description_kind":"plain"}},"openstack_compute_flavor_v2":{"version":0,"block":{"attributes":{"description":{"type":"string","description_kind":"plain","optional":true},"disk":{"type":"number","description_kind":"plain","optional":true},"extra_specs":{"type":["map","string"],"description_kind":"plain","computed":true},"flavor_id":{"type":"string","description_kind":"plain","optional":true},"id":{"type":"string","description_kind":"plain","optional":true,"computed":true},"is_public":{"type":"bool","description_kind":"plain","optional":true},"min_disk":{"type":"number","description_kind":"plain","optional":true},"min_ram":{"type":"number","description_kind":"plain","optional":true},"name":{"type":"string","description_kind":"plain","optional":true},"ram":{"type":"number","description_kind":"plain","optional":true},"region":{"type":"string","description_kind":"plain","optional":true,"computed":true},"rx_tx_factor":{"type":"number","description_kind":"plain","optional":true},"swap":{"type":"number","description_kind":"plain","optional":true},"vcpus":{"type":"number","description_kind":"plain","optional":true}},"description_kind":"plain"}},"openstack_compute_hypervisor_v2":{"version":0,"block":{"attributes":{"disk":{"type":"number","description_kind":"plain","computed":true},"host_ip":{"type":"string","description_kind":"plain","computed":true},"hostname":{"type":"string","description_kind":"plain","required":true},"id":{"type":"string","description_kind":"plain","optional":true,"computed":true},"memory":{"type":"number","description_kind":"plain","computed":true},"state":{"type":"string","description_kind":"plain","computed":true},"status":{"type":"string","description_kind":"plain","computed":true},"type":{"type":"string","description_kind":"plain","computed":true},"vcpus":{"type":"number","description_kind":"plain","computed":true}},"description_kind":"plain"}},"openstack_compute_instance_v2":{"version":0,"block":{"attributes":{"access_ip_v4":{"type":"string","description_kind":"plain","computed":true},"access_ip_v6":{"type":"string","description_kind":"plain","computed":true},"availability_zone":{"type":"string","description_kind":"plain","computed":true},"created":{"type":"string","description_kind":"plain","computed":true},"flavor_id":{"type":"string","description_kind":"plain","computed":true},"flavor_name":{"type":"string","description_kind":"plain","computed":true},"id":{"type":"string","description_kind":"plain","required":true},"image_id":{"type":"string","description_kind":"plain","computed":true},"image_name":{"type":"string","description_kind":"plain","computed":true},"key_pair":{"type":"string","description_kind":"plain","computed":true},"metadata":{"type":["map","string"],"description_kind":"plain","computed":true},"name":{"type":"string","description_kind":"plain","computed":true},"power_state":{"type":"string","description_kind":"plain","computed":true},"region":{"type":"string","description_kind":"plain","optional":true,"computed":true},"security_groups":{"type":["set","string"],"description_kind":"plain","computed":true},"tags":{"type":["set","string"],"description_kind":"plain","computed":true},"updated":{"type":"string","description_kind":"plain","computed":true},"user_data":{"type":"string","description_kind":"plain","optional":true,"computed":true}},"block_types":{"network":{"nesting_mode":"list","block":{"attributes":{"fixed_ip_v4":{"type":"string","description_kind":"plain","computed":true},"fixed_ip_v6":{"type":"string","description_kind":"plain","computed":true},"mac":{"type":"string","description_kind":"plain","computed":true},"name":{"type":"string","description_kind":"plain","computed":true},"port":{"type":"string","description_kind":"plain","computed":true},"uuid":{"type":"string","description_kind":"plain","computed":true}},"description_kind":"plain"}}},"description_kind":"plain"}},"openstack_compute_keypair_v2":{"version":0,"block":{"attributes":{"fingerprint":{"type":"string","description_kind":"plain","computed":true},"id":{"type":"string","description_kind":"plain","optional":true,"computed":true},"name":{"type":"string","description_kind":"plain","required":true},"public_key":{"type":"string","description_kind":"plain","computed":true},"region":{"type":"string","description_kind":"plain","optional":true,"computed":true},"user_id":{"type":"string","description_kind":"plain","optional":true,"computed":true}},"description_kind":"plain"}},"openstack_compute_limits_v2":{"version":0,"block":{"attributes":{"id":{"type":"string","description_kind":"plain","optional":true,"computed":true},"max_image_meta":{"type":"number","description_kind":"plain","computed":true},"max_personality":{"type":"number","description_kind":"plain","computed":true},"max_personality_size":{"type":"number","description_kind":"plain","computed":true},"max_security_group_rules":{"type":"number","description_kind":"plain","computed":true},"max_security_groups":{"type":"number","description_kind":"plain","computed":true},"max_server_group_members":{"type":"number","description_kind":"plain","computed":true},"max_server_groups":{"type":"number","description_kind":"plain","computed":true},"max_server_meta":{"type":"number","description_kind":"plain","computed":true},"max_total_cores":{"type":"number","description_kind":"plain","computed":true},"max_total_floating_ips":{"type":"number","description_kind":"plain","computed":true},"max_total_instances":{"type":"number","description_kind":"plain","computed":true},"max_total_keypairs":{"type":"number","description_kind":"plain","computed":true},"max_total_ram_size":{"type":"number","description_kind":"plain","computed":true},"project_id":{"type":"string","description_kind":"plain","required":true},"region":{"type":"string","description_kind":"plain","optional":true,"computed":true},"total_cores_used":{"type":"number","description_kind":"plain","computed":true},"total_floating_ips_used":{"type":"number","description_kind":"plain","computed":true},"total_instances_used":{"type":"number","description_kind":"plain","computed":true},"total_ram_used":{"type":"number","description_kind":"plain","computed":true},"total_security_groups_used":{"type":"number","description_kind":"plain","computed":true},"total_server_groups_used":{"type":"number","description_kind":"plain","computed":true}},"description_kind":"plain"}},"openstack_compute_quotaset_v2":{"version":0,"block":{"attributes":{"cores":{"type":"number","description_kind":"plain","computed":true},"fixed_ips":{"type":"number","description_kind":"plain","computed":true},"floating_ips":{"type":"number","description_kind":"plain","computed":true},"id":{"type":"string","description_kind":"plain","optional":true,"computed":true},"injected_file_content_bytes":{"type":"number","description_kind":"plain","computed":true},"injected_file_path_bytes":{"type":"number","description_kind":"plain","computed":true},"injected_files":{"type":"number","description_kind":"plain","computed":true},"instances":{"type":"number","description_kind":"plain","computed":true},"key_pairs":{"type":"number","description_kind":"plain","computed":true},"metadata_items":{"type":"number","description_kind":"plain","computed":true},"project_id":{"type":"string","description_kind":"plain","required":true},"ram":{"type":"number","description_kind":"plain","computed":true},"region":{"type":"string","description_kind":"plain","optional":true,"computed":true},"security_group_rules":{"type":"number","description_kind":"plain","computed":true},"security_groups":{"type":"number","description_kind":"plain","computed":true},"server_group_members":{"type":"number","description_kind":"plain","computed":true},"server_groups":{"type":"number","description_kind":"plain","computed":true}},"description_kind":"plain"}},"openstack_containerinfra_cluster_v1":{"version":0,"block":{"attributes":{"api_address":{"type":"string","description_kind":"plain","computed":true},"cluster_template_id":{"type":"string","description_kind":"plain","computed":true},"coe_version":{"type":"string","description_kind":"plain","computed":true},"container_version":{"type":"string","description_kind":"plain","computed":true},"create_timeout":{"type":"number","description_kind":"plain","computed":true},"created_at":{"type":"string","description_kind":"plain","computed":true},"discovery_url":{"type":"string","description_kind":"plain","computed":true},"docker_volume_size":{"type":"number","description_kind":"plain","computed":true},"fixed_network":{"type":"string","description_kind":"plain","computed":true},"fixed_subnet":{"type":"string","description_kind":"plain","computed":true},"flavor":{"type":"string","description_kind":"plain","computed":true},"floating_ip_enabled":{"type":"bool","description_kind":"plain","computed":true},"id":{"type":"string","description_kind":"plain","optional":true,"computed":true},"keypair":{"type":"string","description_kind":"plain","computed":true},"kubeconfig":{"type":["map","string"],"description_kind":"plain","computed":true,"sensitive":true},"labels":{"type":["map","string"],"description_kind":"plain","computed":true},"master_addresses":{"type":["list","string"],"description_kind":"plain","computed":true},"master_count":{"type":"number","description_kind":"plain","computed":true},"master_flavor":{"type":"string","description_kind":"plain","computed":true},"name":{"type":"string","description_kind":"plain","required":true},"node_addresses":{"type":["list","string"],"description_kind":"plain","computed":true},"node_count":{"type":"number","description_kind":"plain","computed":true},"project_id":{"type":"string","description_kind":"plain","computed":true},"region":{"type":"string","description_kind":"plain","optional":true,"computed":true},"stack_id":{"type":"string","description_kind":"plain","computed":true},"updated_at":{"type":"string","description_kind":"plain","computed":true},"user_id":{"type":"string","description_kind":"plain","computed":true}},"description_kind":"plain"}},"openstack_containerinfra_clustertemplate_v1":{"version":0,"block":{"attributes":{"apiserver_port":{"type":"number","description_kind":"plain","computed":true},"cluster_distro":{"type":"string","description_kind":"plain","computed":true},"coe":{"type":"string","description_kind":"plain","computed":true},"created_at":{"type":"string","description_kind":"plain","computed":true},"dns_nameserver":{"type":"string","description_kind":"plain","computed":true},"docker_storage_driver":{"type":"string","description_kind":"plain","computed":true},"docker_volume_size":{"type":"number","description_kind":"plain","computed":true},"external_network_id":{"type":"string","description_kind":"plain","computed":true},"fixed_network":{"type":"string","description_kind":"plain","computed":true},"fixed_subnet":{"type":"string","description_kind":"plain","computed":true},"flavor":{"type":"string","description_kind":"plain","computed":true},"floating_ip_enabled":{"type":"bool","description_kind":"plain","computed":true},"hidden":{"type":"bool","description_kind":"plain","computed":true},"http_proxy":{"type":"string","description_kind":"plain","computed":true},"https_proxy":{"type":"string","description_kind":"plain","computed":true},"id":{"type":"string","description_kind":"plain","optional":true,"computed":true},"image":{"type":"string","description_kind":"plain","computed":true},"insecure_registry":{"type":"string","description_kind":"plain","computed":true},"keypair_id":{"type":"string","description_kind":"plain","computed":true},"labels":{"type":["map","string"],"description_kind":"plain","computed":true},"master_flavor":{"type":"string","description_kind":"plain","computed":true},"master_lb_enabled":{"type":"bool","description_kind":"plain","computed":true},"name":{"type":"string","description_kind":"plain","required":true},"network_driver":{"type":"string","description_kind":"plain","computed":true},"no_proxy":{"type":"string","description_kind":"plain","computed":true},"project_id":{"type":"string","description_kind":"plain","computed":true},"public":{"type":"bool","description_kind":"plain","computed":true},"region":{"type":"string","description_kind":"plain","optional":true,"computed":true},"registry_enabled":{"type":"bool","description_kind":"plain","computed":true},"server_type":{"type":"string","description_kind":"plain","computed":true},"tls_disabled":{"type":"bool","description_kind":"plain","computed":true},"updated_at":{"type":"string","description_kind":"plain","computed":true},"user_id":{"type":"string","description_kind":"plain","computed":true},"volume_driver":{"type":"string","description_kind":"plain","computed":true}},"description_kind":"plain"}},"openstack_containerinfra_nodegroup_v1":{"version":0,"block":{"attributes":{"cluster_id":{"type":"string","description_kind":"plain","required":true},"created_at":{"type":"string","description_kind":"plain","computed":true},"docker_volume_size":{"type":"number","description_kind":"plain","computed":true},"flavor":{"type":"string","description_kind":"plain","computed":true},"id":{"type":"string","description_kind":"plain","optional":true,"computed":true},"image":{"type":"string","description_kind":"plain","computed":true},"labels":{"type":["map","string"],"description_kind":"plain","computed":true},"max_node_count":{"type":"number","description_kind":"plain","computed":true},"min_node_count":{"type":"number","description_kind":"plain","computed":true},"name":{"type":"string","description_kind":"plain","optional":true,"computed":true},"node_count":{"type":"number","description_kind":"plain","computed":true},"project_id":{"type":"string","description_kind":"plain","computed":true},"region":{"type":"string","description_kind":"plain","optional":true,"computed":true},"role":{"type":"string","description_kind":"plain","computed":true},"updated_at":{"type":"string","description_kind":"plain","computed":true}},"description_kind":"plain"}},"openstack_dns_zone_v2":{"version":0,"block":{"attributes":{"all_projects":{"type":"string","description_kind":"plain","optional":true},"attributes":{"type":["map","string"],"description_kind":"plain","optional":true,"computed":true},"created_at":{"type":"string","description_kind":"plain","optional":true,"computed":true},"description":{"type":"string","description_kind":"plain","optional":true},"email":{"type":"string","description_kind":"plain","optional":true},"id":{"type":"string","description_kind":"plain","optional":true,"computed":true},"masters":{"type":["set","string"],"description_kind":"plain","optional":true,"computed":true},"name":{"type":"string","description_kind":"plain","optional":true},"pool_id":{"type":"string","description_kind":"plain","optional":true,"computed":true},"project_id":{"type":"string","description_kind":"plain","optional":true,"computed":true},"region":{"type":"string","description_kind":"plain","optional":true,"computed":true},"serial":{"type":"number","description_kind":"plain","optional":true,"computed":true},"status":{"type":"string","description_kind":"plain","optional":true},"transferred_at":{"type":"string","description_kind":"plain","optional":true,"computed":true},"ttl":{"type":"number","description_kind":"plain","optional":true},"type":{"type":"string","description_kind":"plain","optional":true},"updated_at":{"type":"string","description_kind":"plain","optional":true,"computed":true},"version":{"type":"number","description_kind":"plain","optional":true,"computed":true}},"description_kind":"plain"}},"openstack_fw_group_v2":{"version":0,"block":{"attributes":{"admin_state_up":{"type":"bool","description_kind":"plain","optional":true,"computed":true},"description":{"type":"string","description_kind":"plain","optional":true},"egress_firewall_policy_id":{"type":"string","description_kind":"plain","optional":true},"group_id":{"type":"string","description_kind":"plain","optional":true},"id":{"type":"string","description_kind":"plain","optional":true,"computed":true},"ingress_firewall_policy_id":{"type":"string","description_kind":"plain","optional":true},"name":{"type":"string","description_kind":"plain","optional":true},"ports":{"type":["list","string"],"description_kind":"plain","computed":true},"project_id":{"type":"string","description_kind":"plain","optional":true,"computed":true},"region":{"type":"string","description_kind":"plain","optional":true,"computed":true},"shared":{"type":"bool","description_kind":"plain","optional":true,"computed":true},"status":{"type":"string","description_kind":"plain","optional":true,"computed":true},"tenant_id":{"type":"string","description_kind":"plain","optional":true,"computed":true}},"description_kind":"plain"}},"openstack_fw_policy_v1":{"version":0,"block":{"attributes":{"audited":{"type":"bool","description_kind":"plain","computed":true},"description":{"type":"string","description_kind":"plain","computed":true},"id":{"type":"string","description_kind":"plain","optional":true,"computed":true},"name":{"type":"string","description_kind":"plain","optional":true},"policy_id":{"type":"string","description_kind":"plain","optional":true},"region":{"type":"string","description_kind":"plain","optional":true,"computed":true},"rules":{"type":["list","string"],"description_kind":"plain","computed":true},"shared":{"type":"bool","description_kind":"plain","computed":true},"tenant_id":{"type":"string","description_kind":"plain","optional":true,"computed":true}},"description_kind":"plain"}},"openstack_fw_policy_v2":{"version":0,"block":{"attributes":{"audited":{"type":"bool","description_kind":"plain","optional":true,"computed":true},"description":{"type":"string","description_kind":"plain","optional":true},"id":{"type":"string","description_kind":"plain","optional":true,"computed":true},"name":{"type":"string","description_kind":"plain","optional":true},"policy_id":{"type":"string","description_kind":"plain","optional":true},"region":{"type":"string","description_kind":"plain","optional":true,"computed":true},"rules":{"type":["list","string"],"description_kind":"plain","computed":true},"shared":{"type":"bool","description_kind":"plain","optional":true,"computed":true},"tenant_id":{"type":"string","description_kind":"plain","optional":true,"computed":true}},"description_kind":"plain"}},"openstack_fw_rule_v2":{"version":0,"block":{"attributes":{"action":{"type":"string","description_kind":"plain","optional":true},"description":{"type":"string","description_kind":"plain","optional":true},"destination_ip_address":{"type":"string","description_kind":"plain","optional":true},"destination_port":{"type":"string","description_kind":"plain","optional":true},"enabled":{"type":"bool","description_kind":"plain","optional":true,"computed":true},"firewall_policy_id":{"type":["list","string"],"description_kind":"plain","optional":true,"computed":true},"id":{"type":"string","description_kind":"plain","optional":true,"computed":true},"ip_version":{"type":"number","description_kind":"plain","optional":true},"name":{"type":"string","description_kind":"plain","optional":true},"protocol":{"type":"string","description_kind":"plain","optional":true},"region":{"type":"string","description_kind":"plain","optional":true,"computed":true},"rule_id":{"type":"string","description_kind":"plain","optional":true},"shared":{"type":"bool","description_kind":"plain","optional":true,"computed":true},"source_ip_address":{"type":"string","description_kind":"plain","optional":true},"source_port":{"type":"string","description_kind":"plain","optional":true},"tenant_id":{"type":"string","description_kind":"plain","optional":true,"computed":true}},"description_kind":"plain"}},"openstack_identity_auth_scope_v3":{"version":0,"block":{"attributes":{"domain_id":{"type":"string","description_kind":"plain","computed":true},"domain_name":{"type":"string","description_kind":"plain","computed":true},"id":{"type":"string","description_kind":"plain","optional":true,"computed":true},"name":{"type":"string","description_kind":"plain","required":true},"project_domain_id":{"type":"string","description_kind":"plain","computed":true},"project_domain_name":{"type":"string","description_kind":"plain","computed":true},"project_id":{"type":"string","description_kind":"plain","computed":true},"project_name":{"type":"string","description_kind":"plain","computed":true},"region":{"type":"string","description_kind":"plain","optional":true,"computed":true},"roles":{"type":["list",["object",{"role_id":"string","role_name":"string"}]],"description_kind":"plain","computed":true},"service_catalog":{"type":["list",["object",{"endpoints":["list",["object",{"id":"string","interface":"string","region":"string","region_id":"string","url":"string"}]],"id":"string","name":"string","type":"string"}]],"description_kind":"plain","computed":true},"set_token_id":{"type":"bool","description_kind":"plain","optional":true},"token_id":{"type":"string","description_kind":"plain","computed":true,"sensitive":true},"user_domain_id":{"type":"string","description_kind":"plain","computed":true},"user_domain_name":{"type":"string","description_kind":"plain","computed":true},"user_id":{"type":"string","description_kind":"plain","computed":true},"user_name":{"type":"string","description_kind":"plain","computed":true}},"description_kind":"plain"}},"openstack_identity_endpoint_v3":{"version":0,"block":{"attributes":{"endpoint_region":{"type":"string","description_kind":"plain","optional":true},"id":{"type":"string","description_kind":"plain","optional":true,"computed":true},"interface":{"type":"string","description_kind":"plain","optional":true},"name":{"type":"string","description_kind":"plain","optional":true},"region":{"type":"string","description_kind":"plain","optional":true,"computed":true},"service_id":{"type":"string","description_kind":"plain","optional":true},"service_name":{"type":"string","description_kind":"plain","optional":true},"service_type":{"type":"string","description_kind":"plain","optional":true},"url":{"type":"string","description_kind":"plain","computed":true}},"description_kind":"plain"}},"openstack_identity_group_v3":{"version":0,"block":{"attributes":{"description":{"type":"string","description_kind":"plain","computed":true},"domain_id":{"type":"string","description_kind":"plain","optional":true,"computed":true},"id":{"type":"string","description_kind":"plain","optional":true,"computed":true},"name":{"type":"string","description_kind":"plain","required":true},"region":{"type":"string","description_kind":"plain","optional":true,"computed":true}},"description_kind":"plain"}},"openstack_identity_project_v3":{"version":0,"block":{"attributes":{"description":{"type":"string","description_kind":"plain","computed":true},"domain_id":{"type":"string","description_kind":"plain","optional":true,"computed":true},"enabled":{"type":"bool","description_kind":"plain","optional":true},"id":{"type":"string","description_kind":"plain","optional":true,"computed":true},"is_domain":{"type":"bool","description_kind":"plain","optional":true},"name":{"type":"string","description_kind":"plain","optional":true},"parent_id":{"type":"string","description_kind":"plain","optional":true},"project_id":{"type":"string","description_kind":"plain","optional":true},"region":{"type":"string","description_kind":"plain","optional":true,"computed":true},"tags":{"type":["set","string"],"description_kind":"plain","computed":true}},"description_kind":"plain"}},"openstack_identity_role_v3":{"version":0,"block":{"attributes":{"domain_id":{"type":"string","description_kind":"plain","optional":true,"computed":true},"id":{"type":"string","description_kind":"plain","optional":true,"computed":true},"name":{"type":"string","description_kind":"plain","required":true},"region":{"type":"string","description_kind":"plain","optional":true,"computed":true}},"description_kind":"plain"}},"openstack_identity_service_v3":{"version":0,"block":{"attributes":{"description":{"type":"string","description_kind":"plain","computed":true},"enabled":{"type":"bool","description_kind":"plain","optional":true},"id":{"type":"string","description_kind":"plain","optional":true,"computed":true},"name":{"type":"string","description_kind":"plain","optional":true},"region":{"type":"string","description_kind":"plain","optional":true,"computed":true},"type":{"type":"string","description_kind":"plain","optional":true}},"description_kind":"plain"}},"openstack_identity_user_v3":{"version":0,"block":{"attributes":{"default_project_id":{"type":"string","description_kind":"plain","computed":true},"description":{"type":"string","description_kind":"plain","computed":true},"domain_id":{"type":"string","description_kind":"plain","optional":true,"computed":true},"enabled":{"type":"bool","description_kind":"plain","optional":true},"id":{"type":"string","description_kind":"plain","optional":true,"computed":true},"idp_id":{"type":"string","description_kind":"plain","optional":true},"name":{"type":"string","description_kind":"plain","optional":true},"password_expires_at":{"type":"string","description_kind":"plain","optional":true},"protocol_id":{"type":"string","description_kind":"plain","optional":true},"region":{"type":"string","description_kind":"plain","optional":true,"computed":true},"unique_id":{"type":"string","description_kind":"plain","optional":true}},"description_kind":"plain"}},"openstack_images_image_ids_v2":{"version":0,"block":{"attributes":{"id":{"type":"string","description_kind":"plain","optional":true,"computed":true},"ids":{"type":["list","string"],"description_kind":"plain","computed":true},"member_status":{"type":"string","description_kind":"plain","optional":true},"name":{"type":"string","description_kind":"plain","optional":true},"name_regex":{"type":"string","description_kind":"plain","optional":true},"owner":{"type":"string","description_kind":"plain","optional":true},"properties":{"type":["map","string"],"description_kind":"plain","optional":true},"region":{"type":"string","description_kind":"plain","optional":true,"computed":true},"size_max":{"type":"number","description_kind":"plain","optional":true},"size_min":{"type":"number","description_kind":"plain","optional":true},"sort":{"type":"string","description_kind":"plain","optional":true},"sort_direction":{"type":"string","description_kind":"plain","deprecated":true,"optional":true},"sort_key":{"type":"string","description_kind":"plain","deprecated":true,"optional":true},"tag":{"type":"string","description_kind":"plain","optional":true},"tags":{"type":["set","string"],"description_kind":"plain","optional":true},"visibility":{"type":"string","description_kind":"plain","optional":true}},"description_kind":"plain"}},"openstack_images_image_v2":{"version":0,"block":{"attributes":{"checksum":{"type":"string","description_kind":"plain","computed":true},"container_format":{"type":"string","description_kind":"plain","computed":true},"created_at":{"type":"string","description_kind":"plain","computed":true},"disk_format":{"type":"string","description_kind":"plain","computed":true},"file":{"type":"string","description_kind":"plain","computed":true},"hidden":{"type":"bool","description_kind":"plain","optional":true},"id":{"type":"string","description_kind":"plain","optional":true,"computed":true},"member_status":{"type":"string","description_kind":"plain","optional":true},"metadata":{"type":["map","string"],"description_kind":"plain","computed":true},"min_disk_gb":{"type":"number","description_kind":"plain","computed":true},"min_ram_mb":{"type":"number","description_kind":"plain","computed":true},"most_recent":{"type":"bool","description_kind":"plain","optional":true},"name":{"type":"string","description_kind":"plain","optional":true},"name_regex":{"type":"string","description_kind":"plain","optional":true},"owner":{"type":"string","description_kind":"plain","optional":true},"properties":{"type":["map","string"],"description_kind":"plain","optional":true},"protected":{"type":"bool","description_kind":"plain","computed":true},"region":{"type":"string","description_kind":"plain","optional":true,"computed":true},"schema":{"type":"string","description_kind":"plain","computed":true},"size_bytes":{"type":"number","description_kind":"plain","computed":true},"size_max":{"type":"number","description_kind":"plain","optional":true},"size_min":{"type":"number","description_kind":"plain","optional":true},"sort_direction":{"type":"string","description_kind":"plain","optional":true},"sort_key":{"type":"string","description_kind":"plain","optional":true},"tag":{"type":"string","description_kind":"plain","optional":true},"tags":{"type":["set","string"],"description_kind":"plain","optional":true,"computed":true},"updated_at":{"type":"string","description_kind":"plain","computed":true},"visibility":{"type":"string","description_kind":"plain","optional":true}},"description_kind":"plain"}},"openstack_keymanager_container_v1":{"version":0,"block":{"attributes":{"acl":{"type":["list",["object",{"read":["list",["object",{"created_at":"string","project_access":"bool","updated_at":"string","users":["set","string"]}]]}]],"description_kind":"plain","computed":true},"consumers":{"type":["list",["object",{"name":"string","url":"string"}]],"description_kind":"plain","computed":true},"container_ref":{"type":"string","description_kind":"plain","computed":true},"created_at":{"type":"string","description_kind":"plain","computed":true},"creator_id":{"type":"string","description_kind":"plain","computed":true},"id":{"type":"string","description_kind":"plain","optional":true,"computed":true},"name":{"type":"string","description_kind":"plain","optional":true},"region":{"type":"string","description_kind":"plain","optional":true},"secret_refs":{"type":["set",["object",{"name":"string","secret_ref":"string"}]],"description_kind":"plain","computed":true},"status":{"type":"string","description_kind":"plain","computed":true},"type":{"type":"string","description_kind":"plain","computed":true},"updated_at":{"type":"string","description_kind":"plain","computed":true}},"description_kind":"plain"}},"openstack_keymanager_secret_v1":{"version":0,"block":{"attributes":{"acl":{"type":["list",["object",{"read":["list",["object",{"created_at":"string","project_access":"bool","updated_at":"string","users":["set","string"]}]]}]],"description_kind":"plain","computed":true},"acl_only":{"type":"bool","description_kind":"plain","optional":true},"algorithm":{"type":"string","description_kind":"plain","optional":true},"bit_length":{"type":"number","description_kind":"plain","optional":true},"content_types":{"type":["map","string"],"description_kind":"plain","computed":true},"created_at":{"type":"string","description_kind":"plain","computed":true},"created_at_filter":{"type":"string","description_kind":"plain","optional":true},"creator_id":{"type":"string","description_kind":"plain","computed":true},"expiration":{"type":"string","description_kind":"plain","computed":true},"expiration_filter":{"type":"string","description_kind":"plain","optional":true},"id":{"type":"string","description_kind":"plain","optional":true,"computed":true},"metadata":{"type":["map","string"],"description_kind":"plain","computed":true},"mode":{"type":"string","description_kind":"plain","optional":true},"name":{"type":"string","description_kind":"plain","optional":true},"payload":{"type":"string","description_kind":"plain","computed":true,"sensitive":true},"payload_content_encoding":{"type":"string","description_kind":"plain","computed":true},"payload_content_type":{"type":"string","description_kind":"plain","computed":true},"region":{"type":"string","description_kind":"plain","optional":true},"secret_ref":{"type":"string","description_kind":"plain","computed":true},"secret_type":{"type":"string","description_kind":"plain","optional":true},"status":{"type":"string","description_kind":"plain","computed":true},"updated_at":{"type":"string","description_kind":"plain","computed":true},"updated_at_filter":{"type":"string","description_kind":"plain","optional":true}},"description_kind":"plain"}},"openstack_networking_addressscope_v2":{"version":0,"block":{"attributes":{"id":{"type":"string","description_kind":"plain","optional":true,"computed":true},"ip_version":{"type":"number","description_kind":"plain","optional":true},"name":{"type":"string","description_kind":"plain","optional":true},"project_id":{"type":"string","description_kind":"plain","optional":true},"region":{"type":"string","description_kind":"plain","optional":true},"shared":{"type":"bool","description_kind":"plain","optional":true}},"description_kind":"plain"}},"openstack_networking_floatingip_v2":{"version":0,"block":{"attributes":{"address":{"type":"string","description_kind":"plain","optional":true},"all_tags":{"type":["set","string"],"description_kind":"plain","computed":true},"description":{"type":"string","description_kind":"plain","optional":true},"dns_domain":{"type":"string","description_kind":"plain","computed":true},"dns_name":{"type":"string","description_kind":"plain","computed":true},"fixed_ip":{"type":"string","description_kind":"plain","optional":true},"id":{"type":"string","description_kind":"plain","optional":true,"computed":true},"pool":{"type":"string","description_kind":"plain","optional":true},"port_id":{"type":"string","description_kind":"plain","optional":true},"region":{"type":"string","description_kind":"plain","optional":true},"status":{"type":"string","description_kind":"plain","optional":true},"tags":{"type":["set","string"],"description_kind":"plain","optional":true},"tenant_id":{"type":"string","description_kind":"plain","optional":true}},"description_kind":"plain"}},"openstack_networking_network_v2":{"version":0,"block":{"attributes":{"admin_state_up":{"type":"string","description_kind":"plain","computed":true},"all_tags":{"type":["set","string"],"description_kind":"plain","computed":true},"availability_zone_hints":{"type":["list","string"],"description_kind":"plain","computed":true},"description":{"type":"string","description_kind":"plain","optional":true},"dns_domain":{"type":"string","description_kind":"plain","computed":true},"external":{"type":"bool","description_kind":"plain","optional":true},"id":{"type":"string","description_kind":"plain","optional":true,"computed":true},"matching_subnet_cidr":{"type":"string","description_kind":"plain","optional":true},"mtu":{"type":"number","description_kind":"plain","optional":true},"name":{"type":"string","description_kind":"plain","optional":true},"network_id":{"type":"string","description_kind":"plain","optional":true},"region":{"type":"string","description_kind":"plain","optional":true,"computed":true},"segments":{"type":["set",["object",{"network_type":"string","physical_network":"string","segmentation_id":"number"}]],"description_kind":"plain","computed":true},"shared":{"type":"string","description_kind":"plain","computed":true},"status":{"type":"string","description_kind":"plain","optional":true},"subnets":{"type":["list","string"],"description_kind":"plain","computed":true},"tags":{"type":["set","string"],"description_kind":"plain","optional":true},"tenant_id":{"type":"string","description":"The ID of the Tenant (Identity v2) or Project (Identity v3)\nto login with.","description_kind":"plain","optional":true},"transparent_vlan":{"type":"bool","description_kind":"plain","optional":true}},"description_kind":"plain"}},"openstack_networking_port_ids_v2":{"version":0,"block":{"attributes":{"admin_state_up":{"type":"bool","description_kind":"plain","optional":true},"description":{"type":"string","description_kind":"plain","optional":true},"device_id":{"type":"string","description_kind":"plain","optional":true},"device_owner":{"type":"string","description_kind":"plain","optional":true},"dns_name":{"type":"string","description_kind":"plain","optional":true},"fixed_ip":{"type":"string","description_kind":"plain","optional":true},"id":{"type":"string","description_kind":"plain","optional":true,"computed":true},"ids":{"type":["list","string"],"description_kind":"plain","computed":true},"mac_address":{"type":"string","description_kind":"plain","optional":true},"name":{"type":"string","description_kind":"plain","optional":true},"network_id":{"type":"string","description_kind":"plain","optional":true},"project_id":{"type":"string","description_kind":"plain","optional":true},"region":{"type":"string","description_kind":"plain","optional":true},"security_group_ids":{"type":["set","string"],"description_kind":"plain","optional":true},"sort_direction":{"type":"string","description_kind":"plain","optional":true},"sort_key":{"type":"string","description_kind":"plain","optional":true},"status":{"type":"string","description_kind":"plain","optional":true},"tags":{"type":["set","string"],"description_kind":"plain","optional":true},"tenant_id":{"type":"string","description_kind":"plain","optional":true}},"description_kind":"plain"}},"openstack_networking_port_v2":{"version":0,"block":{"attributes":{"admin_state_up":{"type":"bool","description_kind":"plain","optional":true},"all_fixed_ips":{"type":["list","string"],"description_kind":"plain","computed":true},"all_security_group_ids":{"type":["set","string"],"description_kind":"plain","computed":true},"all_tags":{"type":["set","string"],"description_kind":"plain","computed":true},"allowed_address_pairs":{"type":["set",["object",{"ip_address":"string","mac_address":"string"}]],"description_kind":"plain","computed":true},"binding":{"type":["list",["object",{"host_id":"string","profile":"string","vif_details":["map","string"],"vif_type":"string","vnic_type":"string"}]],"description_kind":"plain","computed":true},"description":{"type":"string","description_kind":"plain","optional":true},"device_id":{"type":"string","description_kind":"plain","optional":true},"device_owner":{"type":"string","description_kind":"plain","optional":true},"dns_assignment":{"type":["list",["map","string"]],"description_kind":"plain","computed":true},"dns_name":{"type":"string","description_kind":"plain","optional":true},"extra_dhcp_option":{"type":["list",["object",{"ip_version":"number","name":"string","value":"string"}]],"description_kind":"plain","computed":true},"fixed_ip":{"type":"string","description_kind":"plain","optional":true},"id":{"type":"string","description_kind":"plain","optional":true,"computed":true},"mac_address":{"type":"string","description_kind":"plain","optional":true},"name":{"type":"string","description_kind":"plain","optional":true},"network_id":{"type":"string","description_kind":"plain","optional":true},"port_id":{"type":"string","description_kind":"plain","optional":true},"project_id":{"type":"string","description_kind":"plain","optional":true},"region":{"type":"string","description_kind":"plain","optional":true},"security_group_ids":{"type":["set","string"],"description_kind":"plain","optional":true},"status":{"type":"string","description_kind":"plain","optional":true},"tags":{"type":["set","string"],"description_kind":"plain","optional":true},"tenant_id":{"type":"string","description_kind":"plain","optional":true}},"description_kind":"plain"}},"openstack_networking_qos_bandwidth_limit_rule_v2":{"version":0,"block":{"attributes":{"direction":{"type":"string","description_kind":"plain","computed":true},"id":{"type":"string","description_kind":"plain","optional":true,"computed":true},"max_burst_kbps":{"type":"number","description_kind":"plain","optional":true,"computed":true},"max_kbps":{"type":"number","description_kind":"plain","optional":true,"computed":true},"qos_policy_id":{"type":"string","description_kind":"plain","required":true},"region":{"type":"string","description_kind":"plain","optional":true,"computed":true}},"description_kind":"plain"}},"openstack_networking_qos_dscp_marking_rule_v2":{"version":0,"block":{"attributes":{"dscp_mark":{"type":"number","description_kind":"plain","optional":true,"computed":true},"id":{"type":"string","description_kind":"plain","optional":true,"computed":true},"qos_policy_id":{"type":"string","description_kind":"plain","required":true},"region":{"type":"string","description_kind":"plain","optional":true,"computed":true}},"description_kind":"plain"}},"openstack_networking_qos_minimum_bandwidth_rule_v2":{"version":0,"block":{"attributes":{"direction":{"type":"string","description_kind":"plain","optional":true,"computed":true},"id":{"type":"string","description_kind":"plain","optional":true,"computed":true},"min_kbps":{"type":"number","description_kind":"plain","optional":true,"computed":true},"qos_policy_id":{"type":"string","description_kind":"plain","required":true},"region":{"type":"string","description_kind":"plain","optional":true,"computed":true}},"description_kind":"plain"}},"openstack_networking_qos_policy_v2":{"version":0,"block":{"attributes":{"all_tags":{"type":["set","string"],"description_kind":"plain","computed":true},"created_at":{"type":"string","description_kind":"plain","computed":true},"description":{"type":"string","description_kind":"plain","optional":true,"computed":true},"id":{"type":"string","description_kind":"plain","optional":true,"computed":true},"is_default":{"type":"bool","description_kind":"plain","optional":true,"computed":true},"name":{"type":"string","description_kind":"plain","optional":true,"computed":true},"project_id":{"type":"string","description_kind":"plain","optional":true,"computed":true},"region":{"type":"string","description_kind":"plain","optional":true,"computed":true},"revision_number":{"type":"number","description_kind":"plain","computed":true},"shared":{"type":"bool","description_kind":"plain","optional":true,"computed":true},"tags":{"type":["set","string"],"description_kind":"plain","optional":true},"updated_at":{"type":"string","description_kind":"plain","computed":true}},"description_kind":"plain"}},"openstack_networking_quota_v2":{"version":0,"block":{"attributes":{"floatingip":{"type":"number","description_kind":"plain","computed":true},"id":{"type":"string","description_kind":"plain","optional":true,"computed":true},"network":{"type":"number","description_kind":"plain","computed":true},"port":{"type":"number","description_kind":"plain","computed":true},"project_id":{"type":"string","description_kind":"plain","required":true},"rbac_policy":{"type":"number","description_kind":"plain","computed":true},"region":{"type":"string","description_kind":"plain","optional":true,"computed":true},"router":{"type":"number","description_kind":"plain","computed":true},"security_group":{"type":"number","description_kind":"plain","computed":true},"security_group_rule":{"type":"number","description_kind":"plain","computed":true},"subnet":{"type":"number","description_kind":"plain","computed":true},"subnetpool":{"type":"number","description_kind":"plain","computed":true}},"description_kind":"plain"}},"openstack_networking_router_v2":{"version":0,"block":{"attributes":{"admin_state_up":{"type":"bool","description_kind":"plain","optional":true},"all_tags":{"type":["set","string"],"description_kind":"plain","computed":true},"availability_zone_hints":{"type":["list","string"],"description_kind":"plain","computed":true},"description":{"type":"string","description_kind":"plain","optional":true},"distributed":{"type":"bool","description_kind":"plain","optional":true},"enable_snat":{"type":"bool","description_kind":"plain","optional":true,"computed":true},"external_fixed_ip":{"type":["list",["object",{"ip_address":"string","subnet_id":"string"}]],"description_kind":"plain","computed":true},"external_network_id":{"type":"string","description_kind":"plain","computed":true},"id":{"type":"string","description_kind":"plain","optional":true,"computed":true},"name":{"type":"string","description_kind":"plain","optional":true},"region":{"type":"string","description_kind":"plain","optional":true},"router_id":{"type":"string","description_kind":"plain","optional":true},"status":{"type":"string","description_kind":"plain","optional":true},"tags":{"type":["set","string"],"description_kind":"plain","optional":true},"tenant_id":{"type":"string","description_kind":"plain","optional":true}},"description_kind":"plain"}},"openstack_networking_secgroup_v2":{"version":0,"block":{"attributes":{"all_tags":{"type":["set","string"],"description_kind":"plain","computed":true},"description":{"type":"string","description_kind":"plain","optional":true},"id":{"type":"string","description_kind":"plain","optional":true,"computed":true},"name":{"type":"string","description_kind":"plain","optional":true},"region":{"type":"string","description_kind":"plain","optional":true,"computed":true},"secgroup_id":{"type":"string","description_kind":"plain","optional":true},"tags":{"type":["set","string"],"description_kind":"plain","optional":true},"tenant_id":{"type":"string","description_kind":"plain","optional":true,"computed":true}},"description_kind":"plain"}},"openstack_networking_subnet_ids_v2":{"version":0,"block":{"attributes":{"cidr":{"type":"string","description_kind":"plain","optional":true},"description":{"type":"string","description_kind":"plain","optional":true},"dhcp_enabled":{"type":"bool","description_kind":"plain","optional":true},"gateway_ip":{"type":"string","description_kind":"plain","optional":true},"id":{"type":"string","description_kind":"plain","optional":true,"computed":true},"ids":{"type":["list","string"],"description_kind":"plain","computed":true},"ip_version":{"type":"number","description_kind":"plain","optional":true},"ipv6_address_mode":{"type":"string","description_kind":"plain","optional":true},"ipv6_ra_mode":{"type":"string","description_kind":"plain","optional":true,"computed":true},"name":{"type":"string","description_kind":"plain","optional":true},"name_regex":{"type":"string","description_kind":"plain","optional":true},"network_id":{"type":"string","description_kind":"plain","optional":true},"region":{"type":"string","description_kind":"plain","optional":true,"computed":true},"sort_direction":{"type":"string","description_kind":"plain","optional":true},"sort_key":{"type":"string","description_kind":"plain","optional":true},"subnetpool_id":{"type":"string","description_kind":"plain","optional":true},"tags":{"type":["set","string"],"description_kind":"plain","optional":true},"tenant_id":{"type":"string","description":"The ID of the Tenant (Identity v2) or Project (Identity v3)\nto login with.","description_kind":"plain","optional":true}},"description_kind":"plain"}},"openstack_networking_subnet_v2":{"version":0,"block":{"attributes":{"all_tags":{"type":["set","string"],"description_kind":"plain","computed":true},"allocation_pools":{"type":["list",["object",{"end":"string","start":"string"}]],"description_kind":"plain","computed":true},"cidr":{"type":"string","description_kind":"plain","optional":true,"computed":true},"description":{"type":"string","description_kind":"plain","optional":true,"computed":true},"dhcp_disabled":{"type":"bool","description_kind":"plain","deprecated":true,"optional":true},"dhcp_enabled":{"type":"bool","description_kind":"plain","optional":true},"dns_nameservers":{"type":["set","string"],"description_kind":"plain","computed":true},"enable_dhcp":{"type":"bool","description_kind":"plain","computed":true},"gateway_ip":{"type":"string","description_kind":"plain","optional":true,"computed":true},"host_routes":{"type":["list",["object",{"destination_cidr":"string","next_hop":"string"}]],"description_kind":"plain","computed":true},"id":{"type":"string","description_kind":"plain","optional":true,"computed":true},"ip_version":{"type":"number","description_kind":"plain","optional":true,"computed":true},"ipv6_address_mode":{"type":"string","description_kind":"plain","optional":true,"computed":true},"ipv6_ra_mode":{"type":"string","description_kind":"plain","optional":true,"computed":true},"name":{"type":"string","description_kind":"plain","optional":true,"computed":true},"network_id":{"type":"string","description_kind":"plain","optional":true,"computed":true},"region":{"type":"string","description_kind":"plain","optional":true,"computed":true},"service_types":{"type":["set","string"],"description_kind":"plain","computed":true},"subnet_id":{"type":"string","description_kind":"plain","optional":true,"computed":true},"subnetpool_id":{"type":"string","description_kind":"plain","optional":true,"computed":true},"tags":{"type":["set","string"],"description_kind":"plain","optional":true},"tenant_id":{"type":"string","description":"The ID of the Tenant (Identity v2) or Project (Identity v3)\nto login with.","description_kind":"plain","optional":true,"computed":true}},"description_kind":"plain"}},"openstack_networking_subnetpool_v2":{"version":0,"block":{"attributes":{"address_scope_id":{"type":"string","description_kind":"plain","optional":true,"computed":true},"all_tags":{"type":["set","string"],"description_kind":"plain","computed":true},"created_at":{"type":"string","description_kind":"plain","computed":true},"default_prefixlen":{"type":"number","description_kind":"plain","optional":true,"computed":true},"default_quota":{"type":"number","description_kind":"plain","optional":true,"computed":true},"description":{"type":"string","description_kind":"plain","optional":true,"computed":true},"id":{"type":"string","description_kind":"plain","optional":true,"computed":true},"ip_version":{"type":"number","description_kind":"plain","optional":true,"computed":true},"is_default":{"type":"bool","description_kind":"plain","optional":true,"computed":true},"max_prefixlen":{"type":"number","description_kind":"plain","optional":true,"computed":true},"min_prefixlen":{"type":"number","description_kind":"plain","optional":true,"computed":true},"name":{"type":"string","description_kind":"plain","optional":true,"computed":true},"prefixes":{"type":["set","string"],"description_kind":"plain","computed":true},"project_id":{"type":"string","description_kind":"plain","optional":true,"computed":true},"region":{"type":"string","description_kind":"plain","optional":true,"computed":true},"revision_number":{"type":"number","description_kind":"plain","computed":true},"shared":{"type":"bool","description_kind":"plain","optional":true,"computed":true},"tags":{"type":["set","string"],"description_kind":"plain","optional":true},"updated_at":{"type":"string","description_kind":"plain","computed":true}},"description_kind":"plain"}},"openstack_networking_trunk_v2":{"version":0,"block":{"attributes":{"admin_state_up":{"type":"bool","description_kind":"plain","optional":true},"all_tags":{"type":["set","string"],"description_kind":"plain","computed":true},"description":{"type":"string","description_kind":"plain","optional":true},"id":{"type":"string","description_kind":"plain","optional":true,"computed":true},"name":{"type":"string","description_kind":"plain","optional":true},"port_id":{"type":"string","description_kind":"plain","optional":true},"project_id":{"type":"string","description_kind":"plain","optional":true,"computed":true},"region":{"type":"string","description_kind":"plain","optional":true,"computed":true},"status":{"type":"string","description_kind":"plain","optional":true},"sub_port":{"type":["list",["object",{"port_id":"string","segmentation_id":"number","segmentation_type":"string"}]],"description_kind":"plain","computed":true},"tags":{"type":["set","string"],"description_kind":"plain","optional":true},"trunk_id":{"type":"string","description_kind":"plain","optional":true}},"description_kind":"plain"}},"openstack_sharedfilesystem_availability_zones_v2":{"version":0,"block":{"attributes":{"id":{"type":"string","description_kind":"plain","optional":true,"computed":true},"names":{"type":["list","string"],"description_kind":"plain","computed":true},"region":{"type":"string","description_kind":"plain","optional":true,"computed":true}},"description_kind":"plain"}},"openstack_sharedfilesystem_share_v2":{"version":0,"block":{"attributes":{"availability_zone":{"type":"string","description_kind":"plain","computed":true},"description":{"type":"string","description_kind":"plain","optional":true,"computed":true},"export_location_path":{"type":"string","description_kind":"plain","optional":true},"export_locations":{"type":["list",["object",{"path":"string","preferred":"string"}]],"description_kind":"plain","computed":true},"id":{"type":"string","description_kind":"plain","optional":true,"computed":true},"is_public":{"type":"bool","description_kind":"plain","optional":true,"computed":true},"metadata":{"type":["map","string"],"description_kind":"plain","optional":true,"computed":true},"name":{"type":"string","description_kind":"plain","optional":true,"computed":true},"project_id":{"type":"string","description_kind":"plain","computed":true},"region":{"type":"string","description_kind":"plain","optional":true,"computed":true},"share_network_id":{"type":"string","description_kind":"plain","optional":true,"computed":true},"share_proto":{"type":"string","description_kind":"plain","computed":true},"size":{"type":"number","description_kind":"plain","computed":true},"snapshot_id":{"type":"string","description_kind":"plain","optional":true,"computed":true},"status":{"type":"string","description_kind":"plain","optional":true,"computed":true}},"description_kind":"plain"}},"openstack_sharedfilesystem_sharenetwork_v2":{"version":0,"block":{"attributes":{"cidr":{"type":"string","description_kind":"plain","computed":true},"description":{"type":"string","description_kind":"plain","optional":true,"computed":true},"id":{"type":"string","description_kind":"plain","optional":true,"computed":true},"ip_version":{"type":"number","description_kind":"plain","optional":true,"computed":true},"name":{"type":"string","description_kind":"plain","optional":true,"computed":true},"network_type":{"type":"string","description_kind":"plain","optional":true,"computed":true},"neutron_net_id":{"type":"string","description_kind":"plain","optional":true,"computed":true},"neutron_subnet_id":{"type":"string","description_kind":"plain","optional":true,"computed":true},"project_id":{"type":"string","description_kind":"plain","computed":true},"region":{"type":"string","description_kind":"plain","optional":true,"computed":true},"security_service_id":{"type":"string","description_kind":"plain","optional":true},"security_service_ids":{"type":["set","string"],"description_kind":"plain","computed":true},"segmentation_id":{"type":"number","description_kind":"plain","optional":true,"computed":true}},"description_kind":"plain"}},"openstack_sharedfilesystem_snapshot_v2":{"version":0,"block":{"attributes":{"description":{"type":"string","description_kind":"plain","optional":true,"computed":true},"id":{"type":"string","description_kind":"plain","optional":true,"computed":true},"name":{"type":"string","description_kind":"plain","optional":true,"computed":true},"project_id":{"type":"string","description_kind":"plain","computed":true},"region":{"type":"string","description_kind":"plain","optional":true,"computed":true},"share_id":{"type":"string","description_kind":"plain","optional":true,"computed":true},"share_proto":{"type":"string","description_kind":"plain","computed":true},"share_size":{"type":"number","description_kind":"plain","computed":true},"size":{"type":"number","description_kind":"plain","computed":true},"status":{"type":"string","description_kind":"plain","optional":true,"computed":true}},"description_kind":"plain"}}}}}}
